{
  "version": 4,
  "terraform_version": "0.14.7",
  "serial": 288,
  "lineage": "c3eccf92-a092-3e58-92c6-fbd15db025f9",
  "outputs": {},
  "resources": [
    {
      "mode": "data",
      "type": "aws_route53_zone",
      "name": "main",
      "provider": "provider[\"registry.terraform.io/hashicorp/aws\"]",
      "instances": [
        {
          "schema_version": 0,
          "attributes": {
            "caller_reference": "RISWorkflow-RD:f005fc6a-5f24-406b-830d-4f556e6830b8",
            "comment": "HostedZone created by Route53 Registrar",
            "id": "Z06666102EP2Y5G5YZNTO",
            "linked_service_description": null,
            "linked_service_principal": null,
            "name": "funstack.net",
            "name_servers": [
              "ns-1889.awsdns-44.co.uk",
              "ns-922.awsdns-51.net",
              "ns-1257.awsdns-29.org",
              "ns-263.awsdns-32.com"
            ],
            "private_zone": false,
            "resource_record_set_count": 6,
            "tags": {},
            "vpc_id": null,
            "zone_id": "Z06666102EP2Y5G5YZNTO"
          },
          "sensitive_attributes": []
        }
      ]
    },
    {
      "mode": "managed",
      "type": "aws_acm_certificate",
      "name": "auth",
      "provider": "provider[\"registry.terraform.io/hashicorp/aws\"].us",
      "instances": [
        {
          "schema_version": 0,
          "attributes": {
            "arn": "arn:aws:acm:us-east-1:391582538889:certificate/dfed0be8-48a5-4efc-b793-fd7b8b1b27c3",
            "certificate_authority_arn": "",
            "certificate_body": null,
            "certificate_chain": null,
            "domain_name": "auth.funstack.net",
            "domain_validation_options": [
              {
                "domain_name": "auth.funstack.net",
                "resource_record_name": "_b5cc64a35bb5e34f7ea46a22112c42e6.auth.funstack.net.",
                "resource_record_type": "CNAME",
                "resource_record_value": "_6900c2d72c37b2be30ae48a8733bfd1e.zjfbrrwmzc.acm-validations.aws."
              }
            ],
            "id": "arn:aws:acm:us-east-1:391582538889:certificate/dfed0be8-48a5-4efc-b793-fd7b8b1b27c3",
            "options": [
              {
                "certificate_transparency_logging_preference": "ENABLED"
              }
            ],
            "private_key": null,
            "status": "ISSUED",
            "subject_alternative_names": [],
            "tags": {},
            "validation_emails": [],
            "validation_method": "DNS"
          },
          "sensitive_attributes": [],
          "private": "bnVsbA=="
        }
      ]
    },
    {
      "mode": "managed",
      "type": "aws_acm_certificate",
      "name": "main",
      "provider": "provider[\"registry.terraform.io/hashicorp/aws\"].us",
      "instances": [
        {
          "schema_version": 0,
          "attributes": {
            "arn": "arn:aws:acm:us-east-1:391582538889:certificate/18f918e0-3a5f-4771-8442-8baeb090bec0",
            "certificate_authority_arn": "",
            "certificate_body": null,
            "certificate_chain": null,
            "domain_name": "funstack.net",
            "domain_validation_options": [
              {
                "domain_name": "funstack.net",
                "resource_record_name": "_36748b5000ed1c703ff680a662da4167.funstack.net.",
                "resource_record_type": "CNAME",
                "resource_record_value": "_265209f3fe201ba221a655f76b22bbda.zjfbrrwmzc.acm-validations.aws."
              }
            ],
            "id": "arn:aws:acm:us-east-1:391582538889:certificate/18f918e0-3a5f-4771-8442-8baeb090bec0",
            "options": [
              {
                "certificate_transparency_logging_preference": "ENABLED"
              }
            ],
            "private_key": null,
            "status": "ISSUED",
            "subject_alternative_names": [],
            "tags": {},
            "validation_emails": [],
            "validation_method": "DNS"
          },
          "sensitive_attributes": [],
          "private": "bnVsbA=="
        }
      ]
    },
    {
      "mode": "managed",
      "type": "aws_acm_certificate_validation",
      "name": "auth",
      "provider": "provider[\"registry.terraform.io/hashicorp/aws\"].us",
      "instances": [
        {
          "schema_version": 0,
          "attributes": {
            "certificate_arn": "arn:aws:acm:us-east-1:391582538889:certificate/dfed0be8-48a5-4efc-b793-fd7b8b1b27c3",
            "id": "2021-04-03 20:59:19 +0000 UTC",
            "timeouts": null,
            "validation_record_fqdns": [
              "_b5cc64a35bb5e34f7ea46a22112c42e6.auth.funstack.net"
            ]
          },
          "sensitive_attributes": [],
          "private": "eyJlMmJmYjczMC1lY2FhLTExZTYtOGY4OC0zNDM2M2JjN2M0YzAiOnsiY3JlYXRlIjoyNzAwMDAwMDAwMDAwfX0=",
          "dependencies": [
            "aws_acm_certificate.auth",
            "aws_acm_certificate.main",
            "aws_route53_record.certificate_validation",
            "data.aws_route53_zone.main"
          ]
        }
      ]
    },
    {
      "mode": "managed",
      "type": "aws_acm_certificate_validation",
      "name": "main",
      "provider": "provider[\"registry.terraform.io/hashicorp/aws\"].us",
      "instances": [
        {
          "schema_version": 0,
          "attributes": {
            "certificate_arn": "arn:aws:acm:us-east-1:391582538889:certificate/18f918e0-3a5f-4771-8442-8baeb090bec0",
            "id": "2021-04-03 20:59:18 +0000 UTC",
            "timeouts": null,
            "validation_record_fqdns": [
              "_36748b5000ed1c703ff680a662da4167.funstack.net"
            ]
          },
          "sensitive_attributes": [],
          "private": "eyJlMmJmYjczMC1lY2FhLTExZTYtOGY4OC0zNDM2M2JjN2M0YzAiOnsiY3JlYXRlIjoyNzAwMDAwMDAwMDAwfX0=",
          "dependencies": [
            "aws_acm_certificate.auth",
            "aws_acm_certificate.main",
            "aws_route53_record.certificate_validation",
            "data.aws_route53_zone.main"
          ]
        }
      ]
    },
    {
      "mode": "managed",
      "type": "aws_cloudfront_distribution",
      "name": "website",
      "provider": "provider[\"registry.terraform.io/hashicorp/aws\"]",
      "instances": [
        {
          "schema_version": 1,
          "attributes": {
            "aliases": [
              "funstack.net"
            ],
            "arn": "arn:aws:cloudfront::391582538889:distribution/E2MKGP7JXK8Z1K",
            "caller_reference": "terraform-20210403205907844400000003",
            "comment": null,
            "custom_error_response": [
              {
                "error_caching_min_ttl": 0,
                "error_code": 404,
                "response_code": 404,
                "response_page_path": "/error.html"
              }
            ],
            "default_cache_behavior": [
              {
                "allowed_methods": [
                  "DELETE",
                  "GET",
                  "HEAD",
                  "OPTIONS",
                  "PATCH",
                  "POST",
                  "PUT"
                ],
                "cached_methods": [
                  "GET",
                  "HEAD"
                ],
                "compress": false,
                "default_ttl": 3600,
                "field_level_encryption_id": "",
                "forwarded_values": [
                  {
                    "cookies": [
                      {
                        "forward": "none",
                        "whitelisted_names": []
                      }
                    ],
                    "headers": [],
                    "query_string": false,
                    "query_string_cache_keys": []
                  }
                ],
                "lambda_function_association": [],
                "max_ttl": 86400,
                "min_ttl": 0,
                "smooth_streaming": false,
                "target_origin_id": "ESIDXRPBCVY1Z",
                "trusted_signers": [],
                "viewer_protocol_policy": "redirect-to-https"
              }
            ],
            "default_root_object": "index.html",
            "domain_name": "dgcq7q8e3gowz.cloudfront.net",
            "enabled": true,
            "etag": "EDPHVR592UP1C",
            "hosted_zone_id": "Z2FDTNDATAQYW2",
            "http_version": "http2",
            "id": "E2MKGP7JXK8Z1K",
            "in_progress_validation_batches": 0,
            "is_ipv6_enabled": true,
            "last_modified_time": "2021-04-03 20:59:18.699 +0000 UTC",
            "logging_config": [],
            "ordered_cache_behavior": [],
            "origin": [
              {
                "custom_header": [],
                "custom_origin_config": [],
                "domain_name": "funstack.net-website.s3.eu-central-1.amazonaws.com",
                "origin_id": "ESIDXRPBCVY1Z",
                "origin_path": "",
                "s3_origin_config": [
                  {
                    "origin_access_identity": "origin-access-identity/cloudfront/ESIDXRPBCVY1Z"
                  }
                ]
              }
            ],
            "origin_group": [],
            "price_class": "PriceClass_100",
            "restrictions": [
              {
                "geo_restriction": [
                  {
                    "locations": [],
                    "restriction_type": "none"
                  }
                ]
              }
            ],
            "retain_on_delete": false,
            "status": "Deployed",
            "tags": {},
            "trusted_signers": [
              {
                "enabled": false,
                "items": []
              }
            ],
            "viewer_certificate": [
              {
                "acm_certificate_arn": "arn:aws:acm:us-east-1:391582538889:certificate/18f918e0-3a5f-4771-8442-8baeb090bec0",
                "cloudfront_default_certificate": false,
                "iam_certificate_id": "",
                "minimum_protocol_version": "TLSv1",
                "ssl_support_method": "sni-only"
              }
            ],
            "wait_for_deployment": true,
            "web_acl_id": ""
          },
          "sensitive_attributes": [],
          "private": "eyJzY2hlbWFfdmVyc2lvbiI6IjEifQ==",
          "dependencies": [
            "aws_acm_certificate.main",
            "aws_cloudfront_origin_access_identity.website",
            "aws_s3_bucket.website"
          ]
        }
      ]
    },
    {
      "mode": "managed",
      "type": "aws_cloudfront_origin_access_identity",
      "name": "website",
      "provider": "provider[\"registry.terraform.io/hashicorp/aws\"]",
      "instances": [
        {
          "schema_version": 0,
          "attributes": {
            "caller_reference": "terraform-20210403205859753500000001",
            "cloudfront_access_identity_path": "origin-access-identity/cloudfront/ESIDXRPBCVY1Z",
            "comment": "website",
            "etag": "E1OMZFRZPFITUP",
            "iam_arn": "arn:aws:iam::cloudfront:user/CloudFront Origin Access Identity ESIDXRPBCVY1Z",
            "id": "ESIDXRPBCVY1Z",
            "s3_canonical_user_id": "e29f7f9ddaba482e2b18a237a00f71a1d2cdf2189c0290a0981153c9e75a9a31de908aabf3809ee12ce449ebae5386f1"
          },
          "sensitive_attributes": [],
          "private": "bnVsbA=="
        }
      ]
    },
    {
      "mode": "managed",
      "type": "aws_cloudwatch_log_group",
      "name": "lambda",
      "provider": "provider[\"registry.terraform.io/hashicorp/aws\"]",
      "instances": [
        {
          "index_key": "lambda-api",
          "schema_version": 0,
          "attributes": {
            "arn": "arn:aws:logs:eu-central-1:391582538889:log-group:/lambda/lambda-api",
            "id": "/lambda/lambda-api",
            "kms_key_id": "",
            "name": "/lambda/lambda-api",
            "name_prefix": null,
            "retention_in_days": 3,
            "tags": {}
          },
          "sensitive_attributes": [],
          "private": "bnVsbA=="
        }
      ]
    },
    {
      "mode": "managed",
      "type": "aws_cognito_identity_pool",
      "name": "user",
      "provider": "provider[\"registry.terraform.io/hashicorp/aws\"]",
      "instances": [
        {
          "schema_version": 0,
          "attributes": {
            "allow_unauthenticated_identities": false,
            "arn": "arn:aws:cognito-identity:eu-central-1:391582538889:identitypool/eu-central-1:893d7fb8-d2dc-44dc-8a0f-8f296d7ab569",
            "cognito_identity_providers": [
              {
                "client_id": "29nvhf94pss8c5hg62ikdcbso8",
                "provider_name": "cognito-idp.eu-central-1.amazonaws.com/eu-central-1_Ol4hsH6nA",
                "server_side_token_check": false
              }
            ],
            "developer_provider_name": "",
            "id": "eu-central-1:893d7fb8-d2dc-44dc-8a0f-8f296d7ab569",
            "identity_pool_name": "fun_user",
            "openid_connect_provider_arns": [],
            "saml_provider_arns": [],
            "supported_login_providers": {},
            "tags": {}
          },
          "sensitive_attributes": [],
          "private": "bnVsbA==",
          "dependencies": [
            "aws_cognito_user_pool.user",
            "aws_cognito_user_pool_client.client"
          ]
        }
      ]
    },
    {
      "mode": "managed",
      "type": "aws_cognito_identity_pool_roles_attachment",
      "name": "user",
      "provider": "provider[\"registry.terraform.io/hashicorp/aws\"]",
      "instances": [
        {
          "schema_version": 0,
          "attributes": {
            "id": "eu-central-1:893d7fb8-d2dc-44dc-8a0f-8f296d7ab569",
            "identity_pool_id": "eu-central-1:893d7fb8-d2dc-44dc-8a0f-8f296d7ab569",
            "role_mapping": [],
            "roles": {
              "authenticated": "arn:aws:iam::391582538889:role/identity-user"
            }
          },
          "sensitive_attributes": [],
          "private": "bnVsbA==",
          "dependencies": [
            "aws_cognito_identity_pool.user",
            "aws_cognito_user_pool.user",
            "aws_cognito_user_pool_client.client",
            "aws_iam_role.user"
          ]
        }
      ]
    },
    {
      "mode": "managed",
      "type": "aws_cognito_user_pool",
      "name": "user",
      "provider": "provider[\"registry.terraform.io/hashicorp/aws\"]",
      "instances": [
        {
          "schema_version": 0,
          "attributes": {
            "account_recovery_setting": [
              {
                "recovery_mechanism": [
                  {
                    "name": "verified_email",
                    "priority": 1
                  }
                ]
              }
            ],
            "admin_create_user_config": [
              {
                "allow_admin_create_user_only": false,
                "invite_message_template": []
              }
            ],
            "alias_attributes": null,
            "arn": "arn:aws:cognito-idp:eu-central-1:391582538889:userpool/eu-central-1_Ol4hsH6nA",
            "auto_verified_attributes": [
              "email"
            ],
            "creation_date": "2021-04-03T20:59:00Z",
            "device_configuration": [],
            "email_configuration": [
              {
                "email_sending_account": "COGNITO_DEFAULT",
                "from_email_address": "",
                "reply_to_email_address": "",
                "source_arn": ""
              }
            ],
            "email_verification_message": null,
            "email_verification_subject": null,
            "endpoint": "cognito-idp.eu-central-1.amazonaws.com/eu-central-1_Ol4hsH6nA",
            "id": "eu-central-1_Ol4hsH6nA",
            "lambda_config": [],
            "last_modified_date": "2021-04-03T23:15:20Z",
            "mfa_configuration": "OFF",
            "name": "fun-user",
            "password_policy": [
              {
                "minimum_length": 6,
                "require_lowercase": false,
                "require_numbers": false,
                "require_symbols": false,
                "require_uppercase": false,
                "temporary_password_validity_days": 7
              }
            ],
            "schema": [],
            "sms_authentication_message": null,
            "sms_configuration": [],
            "sms_verification_message": null,
            "software_token_mfa_configuration": [],
            "tags": {},
            "user_pool_add_ons": [],
            "username_attributes": [
              "email"
            ],
            "username_configuration": [],
            "verification_message_template": [
              {
                "default_email_option": "CONFIRM_WITH_CODE",
                "email_message": "",
                "email_message_by_link": "",
                "email_subject": "",
                "email_subject_by_link": "",
                "sms_message": ""
              }
            ]
          },
          "sensitive_attributes": [],
          "private": "bnVsbA=="
        }
      ]
    },
    {
      "mode": "managed",
      "type": "aws_cognito_user_pool_client",
      "name": "client",
      "provider": "provider[\"registry.terraform.io/hashicorp/aws\"]",
      "instances": [
        {
          "schema_version": 0,
          "attributes": {
            "allowed_oauth_flows": [
              "code",
              "implicit"
            ],
            "allowed_oauth_flows_user_pool_client": true,
            "allowed_oauth_scopes": [
              "aws.cognito.signin.user.admin",
              "email",
              "openid",
              "phone",
              "profile"
            ],
            "analytics_configuration": [],
            "callback_urls": [
              "https://funstack.net"
            ],
            "client_secret": "",
            "default_redirect_uri": "",
            "explicit_auth_flows": [
              "ALLOW_REFRESH_TOKEN_AUTH",
              "ALLOW_USER_PASSWORD_AUTH"
            ],
            "generate_secret": null,
            "id": "29nvhf94pss8c5hg62ikdcbso8",
            "logout_urls": [
              "https://funstack.net"
            ],
            "name": "fun-client",
            "prevent_user_existence_errors": "",
            "read_attributes": [],
            "refresh_token_validity": 30,
            "supported_identity_providers": [
              "COGNITO"
            ],
            "user_pool_id": "eu-central-1_Ol4hsH6nA",
            "write_attributes": []
          },
          "sensitive_attributes": [],
          "private": "bnVsbA==",
          "dependencies": [
            "aws_cognito_user_pool.user"
          ]
        }
      ]
    },
    {
      "mode": "managed",
      "type": "aws_cognito_user_pool_domain",
      "name": "user",
      "provider": "provider[\"registry.terraform.io/hashicorp/aws\"]",
      "instances": [
        {
          "schema_version": 0,
          "attributes": {
            "aws_account_id": "391582538889",
            "certificate_arn": "arn:aws:acm:us-east-1:391582538889:certificate/dfed0be8-48a5-4efc-b793-fd7b8b1b27c3",
            "cloudfront_distribution_arn": "d2v01y0ibht3y1.cloudfront.net",
            "domain": "auth.funstack.net",
            "id": "auth.funstack.net",
            "s3_bucket": "aws-cognito-prod-fra-assets",
            "user_pool_id": "eu-central-1_Ol4hsH6nA",
            "version": "20210403210818"
          },
          "sensitive_attributes": [],
          "private": "bnVsbA==",
          "dependencies": [
            "aws_acm_certificate.auth",
            "aws_acm_certificate.main",
            "aws_cloudfront_distribution.website",
            "aws_cloudfront_origin_access_identity.website",
            "aws_cognito_user_pool.user",
            "aws_route53_record.website",
            "aws_s3_bucket.website",
            "data.aws_route53_zone.main"
          ]
        }
      ]
    },
    {
      "mode": "managed",
      "type": "aws_iam_policy",
      "name": "user",
      "provider": "provider[\"registry.terraform.io/hashicorp/aws\"]",
      "instances": [
        {
          "schema_version": 0,
          "attributes": {
            "arn": "arn:aws:iam::391582538889:policy/identity-user",
            "description": "",
            "id": "arn:aws:iam::391582538889:policy/identity-user",
            "name": "identity-user",
            "name_prefix": null,
            "path": "/",
            "policy": "{\n    \"Version\": \"2012-10-17\",\n    \"Statement\": [\n        {\n            \"Effect\": \"Allow\",\n            \"Action\": [\n                \"lambda:InvokeFunction\"\n            ],\n            \"Resource\": [\"arn:aws:lambda:eu-central-1:391582538889:function:lambda-api\"]\n        }\n    ]\n}\n"
          },
          "sensitive_attributes": [],
          "private": "bnVsbA==",
          "dependencies": [
            "aws_iam_role.lambda",
            "aws_lambda_function.lambda"
          ]
        }
      ]
    },
    {
      "mode": "managed",
      "type": "aws_iam_role",
      "name": "lambda",
      "provider": "provider[\"registry.terraform.io/hashicorp/aws\"]",
      "instances": [
        {
          "index_key": "lambda-api",
          "schema_version": 0,
          "attributes": {
            "arn": "arn:aws:iam::391582538889:role/lambda-lambda-api",
            "assume_role_policy": "{\"Version\":\"2012-10-17\",\"Statement\":[{\"Effect\":\"Allow\",\"Principal\":{\"Service\":\"lambda.amazonaws.com\"},\"Action\":\"sts:AssumeRole\"}]}",
            "create_date": "2021-04-03T20:59:00Z",
            "description": "",
            "force_detach_policies": false,
            "id": "lambda-lambda-api",
            "max_session_duration": 3600,
            "name": "lambda-lambda-api",
            "name_prefix": null,
            "path": "/",
            "permissions_boundary": null,
            "tags": {},
            "unique_id": "AROAVWLBDLSE5HH7S5QNF"
          },
          "sensitive_attributes": [],
          "private": "bnVsbA=="
        }
      ]
    },
    {
      "mode": "managed",
      "type": "aws_iam_role",
      "name": "user",
      "provider": "provider[\"registry.terraform.io/hashicorp/aws\"]",
      "instances": [
        {
          "schema_version": 0,
          "attributes": {
            "arn": "arn:aws:iam::391582538889:role/identity-user",
            "assume_role_policy": "{\"Version\":\"2012-10-17\",\"Statement\":[{\"Effect\":\"Allow\",\"Principal\":{\"Federated\":\"cognito-identity.amazonaws.com\"},\"Action\":\"sts:AssumeRoleWithWebIdentity\",\"Condition\":{\"StringEquals\":{\"cognito-identity.amazonaws.com:aud\":\"eu-central-1:893d7fb8-d2dc-44dc-8a0f-8f296d7ab569\"},\"ForAnyValue:StringLike\":{\"cognito-identity.amazonaws.com:amr\":\"authenticated\"}}}]}",
            "create_date": "2021-04-05T13:45:16Z",
            "description": "",
            "force_detach_policies": false,
            "id": "identity-user",
            "max_session_duration": 3600,
            "name": "identity-user",
            "name_prefix": null,
            "path": "/",
            "permissions_boundary": null,
            "tags": {},
            "unique_id": "AROAVWLBDLSEY56NXSODY"
          },
          "sensitive_attributes": [],
          "private": "bnVsbA==",
          "dependencies": [
            "aws_cognito_identity_pool.user",
            "aws_cognito_user_pool.user",
            "aws_cognito_user_pool_client.client"
          ]
        }
      ]
    },
    {
      "mode": "managed",
      "type": "aws_iam_role_policy_attachment",
      "name": "lambda_exec",
      "provider": "provider[\"registry.terraform.io/hashicorp/aws\"]",
      "instances": [
        {
          "index_key": "lambda-api",
          "schema_version": 0,
          "attributes": {
            "id": "lambda-lambda-api-20210403205901252400000002",
            "policy_arn": "arn:aws:iam::aws:policy/service-role/AWSLambdaBasicExecutionRole",
            "role": "lambda-lambda-api"
          },
          "sensitive_attributes": [],
          "private": "bnVsbA==",
          "dependencies": [
            "aws_iam_role.lambda"
          ]
        }
      ]
    },
    {
      "mode": "managed",
      "type": "aws_iam_role_policy_attachment",
      "name": "user",
      "provider": "provider[\"registry.terraform.io/hashicorp/aws\"]",
      "instances": [
        {
          "schema_version": 0,
          "attributes": {
            "id": "identity-user-20210405224236661900000001",
            "policy_arn": "arn:aws:iam::391582538889:policy/identity-user",
            "role": "identity-user"
          },
          "sensitive_attributes": [],
          "private": "bnVsbA==",
          "dependencies": [
            "aws_cognito_identity_pool.user",
            "aws_cognito_user_pool.user",
            "aws_cognito_user_pool_client.client",
            "aws_iam_policy.user",
            "aws_iam_role.lambda",
            "aws_iam_role.user",
            "aws_lambda_function.lambda"
          ]
        }
      ]
    },
    {
      "mode": "managed",
      "type": "aws_lambda_function",
      "name": "lambda",
      "provider": "provider[\"registry.terraform.io/hashicorp/aws\"]",
      "instances": [
        {
          "index_key": "lambda-api",
          "schema_version": 0,
          "attributes": {
            "arn": "arn:aws:lambda:eu-central-1:391582538889:function:lambda-api",
            "code_signing_config_arn": "",
            "dead_letter_config": [],
            "description": "",
            "environment": [],
            "file_system_config": [],
            "filename": "../build/lambda-api.zip",
            "function_name": "lambda-api",
            "handler": "lambdaapi-opt.handler",
            "id": "lambda-api",
            "image_config": [],
            "image_uri": "",
            "invoke_arn": "arn:aws:apigateway:eu-central-1:lambda:path/2015-03-31/functions/arn:aws:lambda:eu-central-1:391582538889:function:lambda-api/invocations",
            "kms_key_arn": "",
            "last_modified": "2021-04-05T01:00:12.703+0000",
            "layers": [],
            "memory_size": 256,
            "package_type": "Zip",
            "publish": true,
            "qualified_arn": "arn:aws:lambda:eu-central-1:391582538889:function:lambda-api:13",
            "reserved_concurrent_executions": -1,
            "role": "arn:aws:iam::391582538889:role/lambda-lambda-api",
            "runtime": "nodejs12.x",
            "s3_bucket": null,
            "s3_key": null,
            "s3_object_version": null,
            "signing_job_arn": "",
            "signing_profile_version_arn": "",
            "source_code_hash": "fSSrLX6eYuhPzVxvPoASIX9TTvTIokpNUyVxxXc1Idg=",
            "source_code_size": 257064,
            "tags": {},
            "timeout": 30,
            "timeouts": null,
            "tracing_config": [
              {
                "mode": "PassThrough"
              }
            ],
            "version": "13",
            "vpc_config": []
          },
          "sensitive_attributes": [],
          "private": "eyJlMmJmYjczMC1lY2FhLTExZTYtOGY4OC0zNDM2M2JjN2M0YzAiOnsiY3JlYXRlIjo2MDAwMDAwMDAwMDB9fQ==",
          "dependencies": [
            "aws_iam_role.lambda"
          ]
        }
      ]
    },
    {
      "mode": "managed",
      "type": "aws_route53_record",
      "name": "certificate_validation",
      "provider": "provider[\"registry.terraform.io/hashicorp/aws\"]",
      "instances": [
        {
          "index_key": "auth.funstack.net",
          "schema_version": 2,
          "attributes": {
            "alias": [],
            "allow_overwrite": true,
            "failover_routing_policy": [],
            "fqdn": "_b5cc64a35bb5e34f7ea46a22112c42e6.auth.funstack.net",
            "geolocation_routing_policy": [],
            "health_check_id": "",
            "id": "Z06666102EP2Y5G5YZNTO__b5cc64a35bb5e34f7ea46a22112c42e6.auth.funstack.net._CNAME",
            "latency_routing_policy": [],
            "multivalue_answer_routing_policy": null,
            "name": "_b5cc64a35bb5e34f7ea46a22112c42e6.auth.funstack.net",
            "records": [
              "_6900c2d72c37b2be30ae48a8733bfd1e.zjfbrrwmzc.acm-validations.aws."
            ],
            "set_identifier": "",
            "ttl": 60,
            "type": "CNAME",
            "weighted_routing_policy": [],
            "zone_id": "Z06666102EP2Y5G5YZNTO"
          },
          "sensitive_attributes": [],
          "private": "eyJzY2hlbWFfdmVyc2lvbiI6IjIifQ==",
          "dependencies": [
            "aws_acm_certificate.auth",
            "aws_acm_certificate.main",
            "data.aws_route53_zone.main"
          ]
        },
        {
          "index_key": "funstack.net",
          "schema_version": 2,
          "attributes": {
            "alias": [],
            "allow_overwrite": true,
            "failover_routing_policy": [],
            "fqdn": "_36748b5000ed1c703ff680a662da4167.funstack.net",
            "geolocation_routing_policy": [],
            "health_check_id": "",
            "id": "Z06666102EP2Y5G5YZNTO__36748b5000ed1c703ff680a662da4167.funstack.net._CNAME",
            "latency_routing_policy": [],
            "multivalue_answer_routing_policy": null,
            "name": "_36748b5000ed1c703ff680a662da4167.funstack.net",
            "records": [
              "_265209f3fe201ba221a655f76b22bbda.zjfbrrwmzc.acm-validations.aws."
            ],
            "set_identifier": "",
            "ttl": 60,
            "type": "CNAME",
            "weighted_routing_policy": [],
            "zone_id": "Z06666102EP2Y5G5YZNTO"
          },
          "sensitive_attributes": [],
          "private": "eyJzY2hlbWFfdmVyc2lvbiI6IjIifQ==",
          "dependencies": [
            "aws_acm_certificate.auth",
            "aws_acm_certificate.main",
            "data.aws_route53_zone.main"
          ]
        }
      ]
    },
    {
      "mode": "managed",
      "type": "aws_route53_record",
      "name": "cognito",
      "provider": "provider[\"registry.terraform.io/hashicorp/aws\"]",
      "instances": [
        {
          "schema_version": 2,
          "attributes": {
            "alias": [
              {
                "evaluate_target_health": false,
                "name": "d2v01y0ibht3y1.cloudfront.net",
                "zone_id": "Z2FDTNDATAQYW2"
              }
            ],
            "allow_overwrite": null,
            "failover_routing_policy": [],
            "fqdn": "auth.funstack.net",
            "geolocation_routing_policy": [],
            "health_check_id": "",
            "id": "Z06666102EP2Y5G5YZNTO_auth.funstack.net_A",
            "latency_routing_policy": [],
            "multivalue_answer_routing_policy": null,
            "name": "auth.funstack.net",
            "records": [],
            "set_identifier": "",
            "ttl": 0,
            "type": "A",
            "weighted_routing_policy": [],
            "zone_id": "Z06666102EP2Y5G5YZNTO"
          },
          "sensitive_attributes": [],
          "private": "eyJzY2hlbWFfdmVyc2lvbiI6IjIifQ==",
          "dependencies": [
            "aws_acm_certificate.auth",
            "aws_acm_certificate.main",
            "aws_cloudfront_distribution.website",
            "aws_cloudfront_origin_access_identity.website",
            "aws_cognito_user_pool.user",
            "aws_cognito_user_pool_domain.user",
            "aws_route53_record.website",
            "aws_s3_bucket.website",
            "data.aws_route53_zone.main"
          ]
        }
      ]
    },
    {
      "mode": "managed",
      "type": "aws_route53_record",
      "name": "website",
      "provider": "provider[\"registry.terraform.io/hashicorp/aws\"]",
      "instances": [
        {
          "schema_version": 2,
          "attributes": {
            "alias": [
              {
                "evaluate_target_health": false,
                "name": "dgcq7q8e3gowz.cloudfront.net",
                "zone_id": "Z2FDTNDATAQYW2"
              }
            ],
            "allow_overwrite": null,
            "failover_routing_policy": [],
            "fqdn": "funstack.net",
            "geolocation_routing_policy": [],
            "health_check_id": "",
            "id": "Z06666102EP2Y5G5YZNTO_funstack.net_A",
            "latency_routing_policy": [],
            "multivalue_answer_routing_policy": null,
            "name": "funstack.net",
            "records": [],
            "set_identifier": "",
            "ttl": 0,
            "type": "A",
            "weighted_routing_policy": [],
            "zone_id": "Z06666102EP2Y5G5YZNTO"
          },
          "sensitive_attributes": [],
          "private": "eyJzY2hlbWFfdmVyc2lvbiI6IjIifQ==",
          "dependencies": [
            "aws_acm_certificate.main",
            "aws_cloudfront_distribution.website",
            "aws_cloudfront_origin_access_identity.website",
            "aws_s3_bucket.website",
            "data.aws_route53_zone.main"
          ]
        }
      ]
    },
    {
      "mode": "managed",
      "type": "aws_s3_bucket",
      "name": "website",
      "provider": "provider[\"registry.terraform.io/hashicorp/aws\"]",
      "instances": [
        {
          "schema_version": 0,
          "attributes": {
            "acceleration_status": "",
            "acl": "private",
            "arn": "arn:aws:s3:::funstack.net-website",
            "bucket": "funstack.net-website",
            "bucket_domain_name": "funstack.net-website.s3.amazonaws.com",
            "bucket_prefix": null,
            "bucket_regional_domain_name": "funstack.net-website.s3.eu-central-1.amazonaws.com",
            "cors_rule": [],
            "force_destroy": false,
            "grant": [],
            "hosted_zone_id": "Z21DNDUVLTQW6Q",
            "id": "funstack.net-website",
            "lifecycle_rule": [],
            "logging": [],
            "object_lock_configuration": [],
            "policy": null,
            "region": "eu-central-1",
            "replication_configuration": [],
            "request_payer": "BucketOwner",
            "server_side_encryption_configuration": [],
            "tags": {},
            "versioning": [
              {
                "enabled": false,
                "mfa_delete": false
              }
            ],
            "website": [],
            "website_domain": null,
            "website_endpoint": null
          },
          "sensitive_attributes": [],
          "private": "bnVsbA=="
        }
      ]
    },
    {
      "mode": "managed",
      "type": "aws_s3_bucket_object",
      "name": "config_file",
      "provider": "provider[\"registry.terraform.io/hashicorp/aws\"]",
      "instances": [
        {
          "schema_version": 0,
          "attributes": {
            "acl": "private",
            "bucket": "funstack.net-website",
            "cache_control": "no-cache",
            "content": "window.AppConfig = {\n  \"domain\": \"funstack.net\",\n  \"domainAuth\": \"auth.funstack.net\",\n  \"clientIdAuth\": \"29nvhf94pss8c5hg62ikdcbso8\",\n  \"region\": \"eu-central-1\",\n  \"identityPoolId\": \"eu-central-1:893d7fb8-d2dc-44dc-8a0f-8f296d7ab569\",\n  \"cognitoEndpoint\": \"cognito-idp.eu-central-1.amazonaws.com/eu-central-1_Ol4hsH6nA\"\n};\n",
            "content_base64": null,
            "content_disposition": "",
            "content_encoding": "",
            "content_language": "",
            "content_type": "application/javascript",
            "etag": "acb3de68d44dcc449d680bb217929be0",
            "force_destroy": false,
            "id": "app_config.js",
            "key": "app_config.js",
            "kms_key_id": null,
            "metadata": {},
            "object_lock_legal_hold_status": "",
            "object_lock_mode": "",
            "object_lock_retain_until_date": "",
            "server_side_encryption": "",
            "source": null,
            "storage_class": "STANDARD",
            "tags": {},
            "version_id": "",
            "website_redirect": ""
          },
          "sensitive_attributes": [],
          "private": "bnVsbA==",
          "dependencies": [
            "aws_cognito_identity_pool.user",
            "aws_cognito_user_pool.user",
            "aws_cognito_user_pool_client.client",
            "aws_s3_bucket.website"
          ]
        }
      ]
    },
    {
      "mode": "managed",
      "type": "aws_s3_bucket_object",
      "name": "website",
      "provider": "provider[\"registry.terraform.io/hashicorp/aws\"]",
      "instances": [
        {
          "index_key": "error.html",
          "schema_version": 0,
          "attributes": {
            "acl": "private",
            "bucket": "funstack.net-website",
            "cache_control": "no-cache",
            "content": null,
            "content_base64": null,
            "content_disposition": "",
            "content_encoding": "",
            "content_language": "",
            "content_type": "text/html",
            "etag": "8efeea470884ef20f5a067e717925ae1",
            "force_destroy": false,
            "id": "error.html",
            "key": "error.html",
            "kms_key_id": null,
            "metadata": {},
            "object_lock_legal_hold_status": "",
            "object_lock_mode": "",
            "object_lock_retain_until_date": "",
            "server_side_encryption": "",
            "source": "../build/web-client//error.html",
            "storage_class": "STANDARD",
            "tags": {},
            "version_id": "",
            "website_redirect": ""
          },
          "sensitive_attributes": [],
          "private": "bnVsbA==",
          "dependencies": [
            "aws_s3_bucket.website"
          ]
        },
        {
          "index_key": "index.html",
          "schema_version": 0,
          "attributes": {
            "acl": "private",
            "bucket": "funstack.net-website",
            "cache_control": "no-cache",
            "content": null,
            "content_base64": null,
            "content_disposition": "",
            "content_encoding": "",
            "content_language": "",
            "content_type": "text/html",
            "etag": "aae626b3aa4cd21e179ba411a9277a95",
            "force_destroy": false,
            "id": "index.html",
            "key": "index.html",
            "kms_key_id": null,
            "metadata": {},
            "object_lock_legal_hold_status": "",
            "object_lock_mode": "",
            "object_lock_retain_until_date": "",
            "server_side_encryption": "",
            "source": "../build/web-client//index.html",
            "storage_class": "STANDARD",
            "tags": {},
            "version_id": "",
            "website_redirect": ""
          },
          "sensitive_attributes": [],
          "private": "bnVsbA==",
          "dependencies": [
            "aws_s3_bucket.website"
          ]
        },
        {
          "index_key": "webclient-opt-bundle.js",
          "schema_version": 0,
          "attributes": {
            "acl": "private",
            "bucket": "funstack.net-website",
            "cache_control": "no-cache",
            "content": null,
            "content_base64": null,
            "content_disposition": "",
            "content_encoding": "",
            "content_language": "",
            "content_type": "application/javascript",
            "etag": "e67a89e97a36526dc2ba833a428fd7f6",
            "force_destroy": false,
            "id": "webclient-opt-bundle.js",
            "key": "webclient-opt-bundle.js",
            "kms_key_id": null,
            "metadata": {},
            "object_lock_legal_hold_status": "",
            "object_lock_mode": "",
            "object_lock_retain_until_date": "",
            "server_side_encryption": "",
            "source": "../build/web-client//webclient-opt-bundle.js",
            "storage_class": "STANDARD",
            "tags": {},
            "version_id": "",
            "website_redirect": ""
          },
          "sensitive_attributes": [],
          "private": "bnVsbA==",
          "dependencies": [
            "aws_s3_bucket.website"
          ]
        },
        {
          "index_key": "webclient-opt-bundle.js.map",
          "schema_version": 0,
          "attributes": {
            "acl": "private",
            "bucket": "funstack.net-website",
            "cache_control": "no-cache",
            "content": null,
            "content_base64": null,
            "content_disposition": "",
            "content_encoding": "",
            "content_language": "",
            "content_type": "application/javascript",
            "etag": "2cbfbe87aae46f2024fb0dcc4a3365db",
            "force_destroy": false,
            "id": "webclient-opt-bundle.js.map",
            "key": "webclient-opt-bundle.js.map",
            "kms_key_id": null,
            "metadata": {},
            "object_lock_legal_hold_status": "",
            "object_lock_mode": "",
            "object_lock_retain_until_date": "",
            "server_side_encryption": "",
            "source": "../build/web-client//webclient-opt-bundle.js.map",
            "storage_class": "STANDARD",
            "tags": {},
            "version_id": "",
            "website_redirect": ""
          },
          "sensitive_attributes": [],
          "private": "bnVsbA==",
          "dependencies": [
            "aws_s3_bucket.website"
          ]
        }
      ]
    },
    {
      "mode": "managed",
      "type": "aws_s3_bucket_policy",
      "name": "website",
      "provider": "provider[\"registry.terraform.io/hashicorp/aws\"]",
      "instances": [
        {
          "schema_version": 0,
          "attributes": {
            "bucket": "funstack.net-website",
            "id": "funstack.net-website",
            "policy": "{\"Version\":\"2012-10-17\",\"Statement\":[{\"Effect\":\"Allow\",\"Principal\":{\"AWS\":\"arn:aws:iam::cloudfront:user/CloudFront Origin Access Identity ESIDXRPBCVY1Z\"},\"Action\":\"s3:GetObject\",\"Resource\":\"arn:aws:s3:::funstack.net-website/*\"},{\"Effect\":\"Allow\",\"Principal\":{\"AWS\":\"arn:aws:iam::cloudfront:user/CloudFront Origin Access Identity ESIDXRPBCVY1Z\"},\"Action\":\"s3:ListBucket\",\"Resource\":\"arn:aws:s3:::funstack.net-website\"}]}"
          },
          "sensitive_attributes": [],
          "private": "bnVsbA==",
          "dependencies": [
            "aws_cloudfront_origin_access_identity.website",
            "aws_s3_bucket.website"
          ]
        }
      ]
    }
  ]
}
