{
  "version": 4,
  "terraform_version": "0.14.7",
  "serial": 890,
  "lineage": "c3eccf92-a092-3e58-92c6-fbd15db025f9",
  "outputs": {},
  "resources": [
    {
      "mode": "data",
      "type": "aws_caller_identity",
      "name": "current",
      "provider": "provider[\"registry.terraform.io/hashicorp/aws\"]",
      "instances": [
        {
          "schema_version": 0,
          "attributes": {
            "account_id": "391582538889",
            "arn": "arn:aws:iam::391582538889:user/johannes",
            "id": "391582538889",
            "user_id": "AIDAI3PQUDCDQFIQRWZGU"
          },
          "sensitive_attributes": []
        }
      ]
    },
    {
      "mode": "data",
      "type": "aws_region",
      "name": "current",
      "provider": "provider[\"registry.terraform.io/hashicorp/aws\"]",
      "instances": [
        {
          "schema_version": 0,
          "attributes": {
            "description": "Europe (Frankfurt)",
            "endpoint": "ec2.eu-central-1.amazonaws.com",
            "id": "eu-central-1",
            "name": "eu-central-1"
          },
          "sensitive_attributes": []
        }
      ]
    },
    {
      "mode": "data",
      "type": "aws_route53_zone",
      "name": "main",
      "provider": "provider[\"registry.terraform.io/hashicorp/aws\"]",
      "instances": [
        {
          "schema_version": 0,
          "attributes": {
            "caller_reference": "RISWorkflow-RD:f005fc6a-5f24-406b-830d-4f556e6830b8",
            "comment": "HostedZone created by Route53 Registrar",
            "id": "Z06666102EP2Y5G5YZNTO",
            "linked_service_description": null,
            "linked_service_principal": null,
            "name": "funstack.net",
            "name_servers": [
              "ns-1889.awsdns-44.co.uk",
              "ns-922.awsdns-51.net",
              "ns-1257.awsdns-29.org",
              "ns-263.awsdns-32.com"
            ],
            "private_zone": false,
            "resource_record_set_count": 8,
            "tags": {},
            "vpc_id": null,
            "zone_id": "Z06666102EP2Y5G5YZNTO"
          },
          "sensitive_attributes": []
        }
      ]
    },
    {
      "mode": "managed",
      "type": "aws_acm_certificate",
      "name": "auth",
      "provider": "provider[\"registry.terraform.io/hashicorp/aws\"].us",
      "instances": [
        {
          "schema_version": 0,
          "attributes": {
            "arn": "arn:aws:acm:us-east-1:391582538889:certificate/dfed0be8-48a5-4efc-b793-fd7b8b1b27c3",
            "certificate_authority_arn": "",
            "certificate_body": null,
            "certificate_chain": null,
            "domain_name": "auth.funstack.net",
            "domain_validation_options": [
              {
                "domain_name": "auth.funstack.net",
                "resource_record_name": "_b5cc64a35bb5e34f7ea46a22112c42e6.auth.funstack.net.",
                "resource_record_type": "CNAME",
                "resource_record_value": "_6900c2d72c37b2be30ae48a8733bfd1e.zjfbrrwmzc.acm-validations.aws."
              }
            ],
            "id": "arn:aws:acm:us-east-1:391582538889:certificate/dfed0be8-48a5-4efc-b793-fd7b8b1b27c3",
            "options": [
              {
                "certificate_transparency_logging_preference": "ENABLED"
              }
            ],
            "private_key": null,
            "status": "ISSUED",
            "subject_alternative_names": [],
            "tags": {},
            "validation_emails": [],
            "validation_method": "DNS"
          },
          "sensitive_attributes": [],
          "private": "bnVsbA=="
        }
      ]
    },
    {
      "mode": "managed",
      "type": "aws_acm_certificate",
      "name": "main",
      "provider": "provider[\"registry.terraform.io/hashicorp/aws\"].us",
      "instances": [
        {
          "schema_version": 0,
          "attributes": {
            "arn": "arn:aws:acm:us-east-1:391582538889:certificate/18f918e0-3a5f-4771-8442-8baeb090bec0",
            "certificate_authority_arn": "",
            "certificate_body": null,
            "certificate_chain": null,
            "domain_name": "funstack.net",
            "domain_validation_options": [
              {
                "domain_name": "funstack.net",
                "resource_record_name": "_36748b5000ed1c703ff680a662da4167.funstack.net.",
                "resource_record_type": "CNAME",
                "resource_record_value": "_265209f3fe201ba221a655f76b22bbda.zjfbrrwmzc.acm-validations.aws."
              }
            ],
            "id": "arn:aws:acm:us-east-1:391582538889:certificate/18f918e0-3a5f-4771-8442-8baeb090bec0",
            "options": [
              {
                "certificate_transparency_logging_preference": "ENABLED"
              }
            ],
            "private_key": null,
            "status": "ISSUED",
            "subject_alternative_names": [],
            "tags": {},
            "validation_emails": [],
            "validation_method": "DNS"
          },
          "sensitive_attributes": [],
          "private": "bnVsbA=="
        }
      ]
    },
    {
      "mode": "managed",
      "type": "aws_acm_certificate",
      "name": "ws",
      "provider": "provider[\"registry.terraform.io/hashicorp/aws\"]",
      "instances": [
        {
          "schema_version": 0,
          "attributes": {
            "arn": "arn:aws:acm:eu-central-1:391582538889:certificate/082abcb9-0d18-44b2-8b20-929794daf699",
            "certificate_authority_arn": "",
            "certificate_body": null,
            "certificate_chain": null,
            "domain_name": "ws.funstack.net",
            "domain_validation_options": [
              {
                "domain_name": "ws.funstack.net",
                "resource_record_name": "_2778dc91ae667d09b6f334cd86ef3b8a.ws.funstack.net.",
                "resource_record_type": "CNAME",
                "resource_record_value": "_bffe31676c0ed8314d47b8e58c35d929.bbfvkzsszw.acm-validations.aws."
              }
            ],
            "id": "arn:aws:acm:eu-central-1:391582538889:certificate/082abcb9-0d18-44b2-8b20-929794daf699",
            "options": [
              {
                "certificate_transparency_logging_preference": "ENABLED"
              }
            ],
            "private_key": null,
            "status": "ISSUED",
            "subject_alternative_names": [],
            "tags": {},
            "validation_emails": [],
            "validation_method": "DNS"
          },
          "sensitive_attributes": [],
          "private": "bnVsbA=="
        }
      ]
    },
    {
      "mode": "managed",
      "type": "aws_acm_certificate_validation",
      "name": "auth",
      "provider": "provider[\"registry.terraform.io/hashicorp/aws\"].us",
      "instances": [
        {
          "schema_version": 0,
          "attributes": {
            "certificate_arn": "arn:aws:acm:us-east-1:391582538889:certificate/dfed0be8-48a5-4efc-b793-fd7b8b1b27c3",
            "id": "2021-04-03 20:59:19 +0000 UTC",
            "timeouts": null,
            "validation_record_fqdns": [
              "_b5cc64a35bb5e34f7ea46a22112c42e6.auth.funstack.net"
            ]
          },
          "sensitive_attributes": [],
          "private": "eyJlMmJmYjczMC1lY2FhLTExZTYtOGY4OC0zNDM2M2JjN2M0YzAiOnsiY3JlYXRlIjoyNzAwMDAwMDAwMDAwfX0=",
          "dependencies": [
            "aws_acm_certificate.auth",
            "aws_acm_certificate.main",
            "aws_acm_certificate.ws",
            "aws_route53_record.certificate_validation",
            "data.aws_route53_zone.main"
          ]
        }
      ]
    },
    {
      "mode": "managed",
      "type": "aws_acm_certificate_validation",
      "name": "main",
      "provider": "provider[\"registry.terraform.io/hashicorp/aws\"].us",
      "instances": [
        {
          "schema_version": 0,
          "attributes": {
            "certificate_arn": "arn:aws:acm:us-east-1:391582538889:certificate/18f918e0-3a5f-4771-8442-8baeb090bec0",
            "id": "2021-04-03 20:59:18 +0000 UTC",
            "timeouts": null,
            "validation_record_fqdns": [
              "_36748b5000ed1c703ff680a662da4167.funstack.net"
            ]
          },
          "sensitive_attributes": [],
          "private": "eyJlMmJmYjczMC1lY2FhLTExZTYtOGY4OC0zNDM2M2JjN2M0YzAiOnsiY3JlYXRlIjoyNzAwMDAwMDAwMDAwfX0=",
          "dependencies": [
            "aws_acm_certificate.auth",
            "aws_acm_certificate.main",
            "aws_acm_certificate.ws",
            "aws_route53_record.certificate_validation",
            "data.aws_route53_zone.main"
          ]
        }
      ]
    },
    {
      "mode": "managed",
      "type": "aws_acm_certificate_validation",
      "name": "ws",
      "provider": "provider[\"registry.terraform.io/hashicorp/aws\"]",
      "instances": [
        {
          "schema_version": 0,
          "attributes": {
            "certificate_arn": "arn:aws:acm:eu-central-1:391582538889:certificate/082abcb9-0d18-44b2-8b20-929794daf699",
            "id": "2021-04-09 19:39:04 +0000 UTC",
            "timeouts": null,
            "validation_record_fqdns": [
              "_2778dc91ae667d09b6f334cd86ef3b8a.ws.funstack.net"
            ]
          },
          "sensitive_attributes": [],
          "private": "eyJlMmJmYjczMC1lY2FhLTExZTYtOGY4OC0zNDM2M2JjN2M0YzAiOnsiY3JlYXRlIjoyNzAwMDAwMDAwMDAwfX0=",
          "dependencies": [
            "aws_acm_certificate.auth",
            "aws_acm_certificate.main",
            "aws_acm_certificate.ws",
            "aws_route53_record.certificate_validation",
            "data.aws_route53_zone.main"
          ]
        }
      ]
    },
    {
      "mode": "managed",
      "type": "aws_apigatewayv2_api",
      "name": "websocket",
      "provider": "provider[\"registry.terraform.io/hashicorp/aws\"]",
      "instances": [
        {
          "schema_version": 0,
          "attributes": {
            "api_endpoint": "wss://1p5ufqyg6c.execute-api.eu-central-1.amazonaws.com",
            "api_key_selection_expression": "$request.header.x-api-key",
            "arn": "arn:aws:apigateway:eu-central-1::/apis/1p5ufqyg6c",
            "body": null,
            "cors_configuration": [],
            "credentials_arn": null,
            "description": "",
            "disable_execute_api_endpoint": false,
            "execution_arn": "arn:aws:execute-api:eu-central-1:391582538889:1p5ufqyg6c",
            "fail_on_warnings": null,
            "id": "1p5ufqyg6c",
            "name": "websocket",
            "protocol_type": "WEBSOCKET",
            "route_key": null,
            "route_selection_expression": "$request.body.action",
            "tags": {},
            "target": null,
            "version": ""
          },
          "sensitive_attributes": [],
          "private": "bnVsbA=="
        }
      ]
    },
    {
      "mode": "managed",
      "type": "aws_apigatewayv2_api_mapping",
      "name": "websocket",
      "provider": "provider[\"registry.terraform.io/hashicorp/aws\"]",
      "instances": [
        {
          "schema_version": 0,
          "attributes": {
            "api_id": "1p5ufqyg6c",
            "api_mapping_key": "",
            "domain_name": "ws.funstack.net",
            "id": "up1uoe",
            "stage": "latest"
          },
          "sensitive_attributes": [],
          "private": "bnVsbA==",
          "dependencies": [
            "aws_acm_certificate.ws",
            "aws_apigatewayv2_api.websocket",
            "aws_apigatewayv2_domain_name.websocket",
            "aws_apigatewayv2_stage.websocket"
          ]
        }
      ]
    },
    {
      "mode": "managed",
      "type": "aws_apigatewayv2_authorizer",
      "name": "websocket",
      "provider": "provider[\"registry.terraform.io/hashicorp/aws\"]",
      "instances": [
        {
          "schema_version": 0,
          "attributes": {
            "api_id": "1p5ufqyg6c",
            "authorizer_credentials_arn": "arn:aws:iam::391582538889:role/websocket",
            "authorizer_payload_format_version": "",
            "authorizer_result_ttl_in_seconds": 0,
            "authorizer_type": "REQUEST",
            "authorizer_uri": "arn:aws:apigateway:eu-central-1:lambda:path/2015-03-31/functions/arn:aws:lambda:eu-central-1:391582538889:function:authorizer/invocations",
            "enable_simple_responses": false,
            "id": "41vzkb",
            "identity_sources": [
              "route.request.querystring.token"
            ],
            "jwt_configuration": [],
            "name": "authorize-websocket"
          },
          "sensitive_attributes": [],
          "private": "bnVsbA==",
          "dependencies": [
            "aws_apigatewayv2_api.websocket",
            "aws_cognito_user_pool.user",
            "aws_iam_role.lambda",
            "aws_iam_role.websocket",
            "aws_lambda_function.lambda"
          ]
        }
      ]
    },
    {
      "mode": "managed",
      "type": "aws_apigatewayv2_domain_name",
      "name": "websocket",
      "provider": "provider[\"registry.terraform.io/hashicorp/aws\"]",
      "instances": [
        {
          "schema_version": 0,
          "attributes": {
            "api_mapping_selection_expression": "$request.basepath",
            "arn": "arn:aws:apigateway:eu-central-1::/domainnames/ws.funstack.net",
            "domain_name": "ws.funstack.net",
            "domain_name_configuration": [
              {
                "certificate_arn": "arn:aws:acm:eu-central-1:391582538889:certificate/082abcb9-0d18-44b2-8b20-929794daf699",
                "endpoint_type": "REGIONAL",
                "hosted_zone_id": "Z1U9ULNL0V5AJ3",
                "security_policy": "TLS_1_2",
                "target_domain_name": "d-a1qegnxwj6.execute-api.eu-central-1.amazonaws.com"
              }
            ],
            "id": "ws.funstack.net",
            "mutual_tls_authentication": [],
            "tags": {},
            "timeouts": null
          },
          "sensitive_attributes": [],
          "private": "eyJlMmJmYjczMC1lY2FhLTExZTYtOGY4OC0zNDM2M2JjN2M0YzAiOnsidXBkYXRlIjozNjAwMDAwMDAwMDAwfX0=",
          "dependencies": [
            "aws_acm_certificate.ws"
          ]
        }
      ]
    },
    {
      "mode": "managed",
      "type": "aws_apigatewayv2_integration",
      "name": "websocket_connect",
      "provider": "provider[\"registry.terraform.io/hashicorp/aws\"]",
      "instances": [
        {
          "schema_version": 0,
          "attributes": {
            "api_id": "1p5ufqyg6c",
            "connection_id": "",
            "connection_type": "INTERNET",
            "content_handling_strategy": "",
            "credentials_arn": "arn:aws:iam::391582538889:role/websocket",
            "description": "",
            "id": "ne6nfnm",
            "integration_method": "POST",
            "integration_response_selection_expression": "${integration.response.statuscode}",
            "integration_subtype": "",
            "integration_type": "AWS",
            "integration_uri": "arn:aws:apigateway:eu-central-1:dynamodb:action/PutItem",
            "passthrough_behavior": "WHEN_NO_MATCH",
            "payload_format_version": "1.0",
            "request_parameters": {},
            "request_templates": {
              "application/json": "{\n    \"Item\": {\n      \"connection_id\": {\n        \"S\": \"$context.connectionId\"\n      },\n      \"user_id\": {\n        \"S\": \"$context.authorizer.sub\"\n      }\n    },\n    \"TableName\": \"websocket-connections\"\n}\n"
            },
            "response_parameters": [],
            "template_selection_expression": "",
            "timeout_milliseconds": 29000,
            "tls_config": []
          },
          "sensitive_attributes": [],
          "private": "bnVsbA==",
          "dependencies": [
            "aws_apigatewayv2_api.websocket",
            "aws_dynamodb_table.websocket_connections",
            "aws_iam_role.websocket"
          ]
        }
      ]
    },
    {
      "mode": "managed",
      "type": "aws_apigatewayv2_integration",
      "name": "websocket_default",
      "provider": "provider[\"registry.terraform.io/hashicorp/aws\"]",
      "instances": [
        {
          "schema_version": 0,
          "attributes": {
            "api_id": "1p5ufqyg6c",
            "connection_id": "",
            "connection_type": "INTERNET",
            "content_handling_strategy": "",
            "credentials_arn": "arn:aws:iam::391582538889:role/websocket",
            "description": "",
            "id": "bccn12i",
            "integration_method": "POST",
            "integration_response_selection_expression": "",
            "integration_subtype": "",
            "integration_type": "AWS_PROXY",
            "integration_uri": "arn:aws:apigateway:eu-central-1:lambda:path/2015-03-31/functions/arn:aws:lambda:eu-central-1:391582538889:function:lambda-api/invocations",
            "passthrough_behavior": "WHEN_NO_MATCH",
            "payload_format_version": "1.0",
            "request_parameters": {},
            "request_templates": {},
            "response_parameters": [],
            "template_selection_expression": "",
            "timeout_milliseconds": 29000,
            "tls_config": []
          },
          "sensitive_attributes": [],
          "private": "bnVsbA==",
          "dependencies": [
            "aws_apigatewayv2_api.websocket",
            "aws_cognito_user_pool.user",
            "aws_iam_role.lambda",
            "aws_iam_role.websocket",
            "aws_lambda_function.lambda"
          ]
        }
      ]
    },
    {
      "mode": "managed",
      "type": "aws_apigatewayv2_integration",
      "name": "websocket_disconnect",
      "provider": "provider[\"registry.terraform.io/hashicorp/aws\"]",
      "instances": [
        {
          "schema_version": 0,
          "attributes": {
            "api_id": "1p5ufqyg6c",
            "connection_id": "",
            "connection_type": "INTERNET",
            "content_handling_strategy": "",
            "credentials_arn": "arn:aws:iam::391582538889:role/websocket",
            "description": "",
            "id": "975o75r",
            "integration_method": "POST",
            "integration_response_selection_expression": "${integration.response.statuscode}",
            "integration_subtype": "",
            "integration_type": "AWS",
            "integration_uri": "arn:aws:apigateway:eu-central-1:dynamodb:action/DeleteItem",
            "passthrough_behavior": "WHEN_NO_MATCH",
            "payload_format_version": "1.0",
            "request_parameters": {},
            "request_templates": {
              "application/json": "{\n    \"Key\": {\n      \"connection_id\": {\n        \"S\": \"$context.connectionId\"\n      }\n    },\n    \"TableName\": \"websocket-connections\"\n}\n"
            },
            "response_parameters": [],
            "template_selection_expression": "",
            "timeout_milliseconds": 29000,
            "tls_config": []
          },
          "sensitive_attributes": [],
          "private": "bnVsbA==",
          "dependencies": [
            "aws_apigatewayv2_api.websocket",
            "aws_dynamodb_table.websocket_connections",
            "aws_iam_role.websocket"
          ]
        }
      ]
    },
    {
      "mode": "managed",
      "type": "aws_apigatewayv2_integration",
      "name": "websocket_ping",
      "provider": "provider[\"registry.terraform.io/hashicorp/aws\"]",
      "instances": [
        {
          "schema_version": 0,
          "attributes": {
            "api_id": "1p5ufqyg6c",
            "connection_id": "",
            "connection_type": "INTERNET",
            "content_handling_strategy": "",
            "credentials_arn": "",
            "description": "",
            "id": "p1eaeqf",
            "integration_method": "",
            "integration_response_selection_expression": "${integration.response.statuscode}",
            "integration_subtype": "",
            "integration_type": "MOCK",
            "integration_uri": "",
            "passthrough_behavior": "WHEN_NO_MATCH",
            "payload_format_version": "1.0",
            "request_parameters": {},
            "request_templates": {
              "application/json": "{\n    \"statusCode\": 200,\n    \"message\": \"pong\"\n}\n"
            },
            "response_parameters": [],
            "template_selection_expression": "",
            "timeout_milliseconds": 29000,
            "tls_config": []
          },
          "sensitive_attributes": [],
          "private": "bnVsbA==",
          "dependencies": [
            "aws_apigatewayv2_api.websocket"
          ]
        }
      ]
    },
    {
      "mode": "managed",
      "type": "aws_apigatewayv2_integration_response",
      "name": "websocket_connect",
      "provider": "provider[\"registry.terraform.io/hashicorp/aws\"]",
      "instances": [
        {
          "schema_version": 0,
          "attributes": {
            "api_id": "1p5ufqyg6c",
            "content_handling_strategy": "",
            "id": "kpl0aje",
            "integration_id": "ne6nfnm",
            "integration_response_key": "/200/",
            "response_templates": {},
            "template_selection_expression": ""
          },
          "sensitive_attributes": [],
          "private": "bnVsbA==",
          "dependencies": [
            "aws_apigatewayv2_api.websocket",
            "aws_apigatewayv2_integration.websocket_connect",
            "aws_dynamodb_table.websocket_connections",
            "aws_iam_role.websocket"
          ]
        }
      ]
    },
    {
      "mode": "managed",
      "type": "aws_apigatewayv2_integration_response",
      "name": "websocket_default",
      "provider": "provider[\"registry.terraform.io/hashicorp/aws\"]",
      "instances": [
        {
          "schema_version": 0,
          "attributes": {
            "api_id": "1p5ufqyg6c",
            "content_handling_strategy": "",
            "id": "i7nqctf",
            "integration_id": "bccn12i",
            "integration_response_key": "/200/",
            "response_templates": {},
            "template_selection_expression": ""
          },
          "sensitive_attributes": [],
          "private": "bnVsbA==",
          "dependencies": [
            "aws_apigatewayv2_api.websocket",
            "aws_apigatewayv2_integration.websocket_default",
            "aws_cognito_user_pool.user",
            "aws_iam_role.lambda",
            "aws_iam_role.websocket",
            "aws_lambda_function.lambda"
          ]
        }
      ]
    },
    {
      "mode": "managed",
      "type": "aws_apigatewayv2_integration_response",
      "name": "websocket_disconnect",
      "provider": "provider[\"registry.terraform.io/hashicorp/aws\"]",
      "instances": [
        {
          "schema_version": 0,
          "attributes": {
            "api_id": "1p5ufqyg6c",
            "content_handling_strategy": "",
            "id": "ahq15g4",
            "integration_id": "975o75r",
            "integration_response_key": "/200/",
            "response_templates": {},
            "template_selection_expression": ""
          },
          "sensitive_attributes": [],
          "private": "bnVsbA==",
          "dependencies": [
            "aws_apigatewayv2_api.websocket",
            "aws_apigatewayv2_integration.websocket_disconnect",
            "aws_dynamodb_table.websocket_connections",
            "aws_iam_role.websocket"
          ]
        }
      ]
    },
    {
      "mode": "managed",
      "type": "aws_apigatewayv2_integration_response",
      "name": "websocket_ping",
      "provider": "provider[\"registry.terraform.io/hashicorp/aws\"]",
      "instances": [
        {
          "schema_version": 0,
          "attributes": {
            "api_id": "1p5ufqyg6c",
            "content_handling_strategy": "",
            "id": "ndos1yc",
            "integration_id": "p1eaeqf",
            "integration_response_key": "/200/",
            "response_templates": {},
            "template_selection_expression": ""
          },
          "sensitive_attributes": [],
          "private": "bnVsbA==",
          "dependencies": [
            "aws_apigatewayv2_api.websocket",
            "aws_apigatewayv2_integration.websocket_ping"
          ]
        }
      ]
    },
    {
      "mode": "managed",
      "type": "aws_apigatewayv2_route",
      "name": "websocket_connect",
      "provider": "provider[\"registry.terraform.io/hashicorp/aws\"]",
      "instances": [
        {
          "schema_version": 0,
          "attributes": {
            "api_id": "1p5ufqyg6c",
            "api_key_required": false,
            "authorization_scopes": [],
            "authorization_type": "CUSTOM",
            "authorizer_id": "41vzkb",
            "id": "krl2h3u",
            "model_selection_expression": "",
            "operation_name": "",
            "request_models": {},
            "request_parameter": [],
            "route_key": "$connect",
            "route_response_selection_expression": "",
            "target": "integrations/ne6nfnm"
          },
          "sensitive_attributes": [],
          "private": "bnVsbA==",
          "dependencies": [
            "aws_apigatewayv2_api.websocket",
            "aws_apigatewayv2_authorizer.websocket",
            "aws_apigatewayv2_integration.websocket_connect",
            "aws_cognito_user_pool.user",
            "aws_dynamodb_table.websocket_connections",
            "aws_iam_role.lambda",
            "aws_iam_role.websocket",
            "aws_lambda_function.lambda"
          ]
        }
      ]
    },
    {
      "mode": "managed",
      "type": "aws_apigatewayv2_route",
      "name": "websocket_default",
      "provider": "provider[\"registry.terraform.io/hashicorp/aws\"]",
      "instances": [
        {
          "schema_version": 0,
          "attributes": {
            "api_id": "1p5ufqyg6c",
            "api_key_required": false,
            "authorization_scopes": [],
            "authorization_type": "NONE",
            "authorizer_id": "",
            "id": "hz091df",
            "model_selection_expression": "",
            "operation_name": "",
            "request_models": {},
            "request_parameter": [],
            "route_key": "$default",
            "route_response_selection_expression": "",
            "target": "integrations/bccn12i"
          },
          "sensitive_attributes": [],
          "private": "bnVsbA==",
          "dependencies": [
            "aws_apigatewayv2_api.websocket",
            "aws_apigatewayv2_integration.websocket_default",
            "aws_cognito_user_pool.user",
            "aws_iam_role.lambda",
            "aws_iam_role.websocket",
            "aws_lambda_function.lambda"
          ]
        }
      ]
    },
    {
      "mode": "managed",
      "type": "aws_apigatewayv2_route",
      "name": "websocket_disconnect",
      "provider": "provider[\"registry.terraform.io/hashicorp/aws\"]",
      "instances": [
        {
          "schema_version": 0,
          "attributes": {
            "api_id": "1p5ufqyg6c",
            "api_key_required": false,
            "authorization_scopes": [],
            "authorization_type": "NONE",
            "authorizer_id": "",
            "id": "21h7blq",
            "model_selection_expression": "",
            "operation_name": "",
            "request_models": {},
            "request_parameter": [],
            "route_key": "$disconnect",
            "route_response_selection_expression": "",
            "target": "integrations/975o75r"
          },
          "sensitive_attributes": [],
          "private": "bnVsbA==",
          "dependencies": [
            "aws_apigatewayv2_api.websocket",
            "aws_apigatewayv2_integration.websocket_disconnect",
            "aws_dynamodb_table.websocket_connections",
            "aws_iam_role.websocket"
          ]
        }
      ]
    },
    {
      "mode": "managed",
      "type": "aws_apigatewayv2_route",
      "name": "websocket_ping",
      "provider": "provider[\"registry.terraform.io/hashicorp/aws\"]",
      "instances": [
        {
          "schema_version": 0,
          "attributes": {
            "api_id": "1p5ufqyg6c",
            "api_key_required": false,
            "authorization_scopes": [],
            "authorization_type": "NONE",
            "authorizer_id": "",
            "id": "kw43xjj",
            "model_selection_expression": "",
            "operation_name": "",
            "request_models": {},
            "request_parameter": [],
            "route_key": "ping",
            "route_response_selection_expression": "",
            "target": "integrations/p1eaeqf"
          },
          "sensitive_attributes": [],
          "private": "bnVsbA==",
          "dependencies": [
            "aws_apigatewayv2_api.websocket",
            "aws_apigatewayv2_integration.websocket_ping"
          ]
        }
      ]
    },
    {
      "mode": "managed",
      "type": "aws_apigatewayv2_route_response",
      "name": "websocket_connect",
      "provider": "provider[\"registry.terraform.io/hashicorp/aws\"]",
      "instances": [
        {
          "schema_version": 0,
          "attributes": {
            "api_id": "1p5ufqyg6c",
            "id": "85u0jr",
            "model_selection_expression": "",
            "response_models": {},
            "route_id": "krl2h3u",
            "route_response_key": "$default"
          },
          "sensitive_attributes": [],
          "private": "bnVsbA==",
          "dependencies": [
            "aws_apigatewayv2_api.websocket",
            "aws_apigatewayv2_authorizer.websocket",
            "aws_apigatewayv2_integration.websocket_connect",
            "aws_apigatewayv2_route.websocket_connect",
            "aws_cognito_user_pool.user",
            "aws_dynamodb_table.websocket_connections",
            "aws_iam_role.lambda",
            "aws_iam_role.websocket",
            "aws_lambda_function.lambda"
          ]
        }
      ]
    },
    {
      "mode": "managed",
      "type": "aws_apigatewayv2_route_response",
      "name": "websocket_default",
      "provider": "provider[\"registry.terraform.io/hashicorp/aws\"]",
      "instances": [
        {
          "schema_version": 0,
          "attributes": {
            "api_id": "1p5ufqyg6c",
            "id": "8pe8if",
            "model_selection_expression": "",
            "response_models": {},
            "route_id": "hz091df",
            "route_response_key": "$default"
          },
          "sensitive_attributes": [],
          "private": "bnVsbA==",
          "dependencies": [
            "aws_apigatewayv2_api.websocket",
            "aws_apigatewayv2_integration.websocket_default",
            "aws_apigatewayv2_route.websocket_default",
            "aws_cognito_user_pool.user",
            "aws_iam_role.lambda",
            "aws_iam_role.websocket",
            "aws_lambda_function.lambda"
          ]
        }
      ]
    },
    {
      "mode": "managed",
      "type": "aws_apigatewayv2_route_response",
      "name": "websocket_disconnect",
      "provider": "provider[\"registry.terraform.io/hashicorp/aws\"]",
      "instances": [
        {
          "schema_version": 0,
          "attributes": {
            "api_id": "1p5ufqyg6c",
            "id": "edkca6",
            "model_selection_expression": "",
            "response_models": {},
            "route_id": "21h7blq",
            "route_response_key": "$default"
          },
          "sensitive_attributes": [],
          "private": "bnVsbA==",
          "dependencies": [
            "aws_apigatewayv2_api.websocket",
            "aws_apigatewayv2_integration.websocket_disconnect",
            "aws_apigatewayv2_route.websocket_disconnect",
            "aws_dynamodb_table.websocket_connections",
            "aws_iam_role.websocket"
          ]
        }
      ]
    },
    {
      "mode": "managed",
      "type": "aws_apigatewayv2_route_response",
      "name": "websocket_ping",
      "provider": "provider[\"registry.terraform.io/hashicorp/aws\"]",
      "instances": [
        {
          "schema_version": 0,
          "attributes": {
            "api_id": "1p5ufqyg6c",
            "id": "pa56x7",
            "model_selection_expression": "",
            "response_models": {},
            "route_id": "kw43xjj",
            "route_response_key": "$default"
          },
          "sensitive_attributes": [],
          "private": "bnVsbA==",
          "dependencies": [
            "aws_apigatewayv2_api.websocket",
            "aws_apigatewayv2_integration.websocket_ping",
            "aws_apigatewayv2_route.websocket_ping"
          ]
        }
      ]
    },
    {
      "mode": "managed",
      "type": "aws_apigatewayv2_stage",
      "name": "websocket",
      "provider": "provider[\"registry.terraform.io/hashicorp/aws\"]",
      "instances": [
        {
          "schema_version": 0,
          "attributes": {
            "access_log_settings": [
              {
                "destination_arn": "arn:aws:logs:eu-central-1:391582538889:log-group:cloudwatch-logs",
                "format": "{ \"requestId\":\"$context.requestId\", \"ip\": \"$context.identity.sourceIp\", \"caller\":\"$context.identity.caller\", \"user\":\"$context.identity.user\",\"requestTime\":\"$context.requestTime\", \"eventType\":\"$context.eventType\",\"routeKey\":\"$context.routeKey\", \"status\":\"$context.status\",\"connectionId\":\"$context.connectionId\", \"authorizer\": \"$context.authorizer\"  }"
              }
            ],
            "api_id": "1p5ufqyg6c",
            "arn": "arn:aws:apigateway:eu-central-1::/apis/1p5ufqyg6c/stages/latest",
            "auto_deploy": true,
            "client_certificate_id": "",
            "default_route_settings": [
              {
                "data_trace_enabled": true,
                "detailed_metrics_enabled": true,
                "logging_level": "INFO",
                "throttling_burst_limit": 50,
                "throttling_rate_limit": 100
              }
            ],
            "deployment_id": "5ejc77",
            "description": "",
            "execution_arn": "arn:aws:execute-api:eu-central-1:391582538889:1p5ufqyg6c/latest",
            "id": "latest",
            "invoke_url": "wss://1p5ufqyg6c.execute-api.eu-central-1.amazonaws.com/latest",
            "name": "latest",
            "route_settings": [],
            "stage_variables": {},
            "tags": {}
          },
          "sensitive_attributes": [],
          "private": "bnVsbA==",
          "dependencies": [
            "aws_apigatewayv2_api.websocket"
          ]
        }
      ]
    },
    {
      "mode": "managed",
      "type": "aws_cloudfront_distribution",
      "name": "website",
      "provider": "provider[\"registry.terraform.io/hashicorp/aws\"]",
      "instances": [
        {
          "schema_version": 1,
          "attributes": {
            "aliases": [
              "funstack.net"
            ],
            "arn": "arn:aws:cloudfront::391582538889:distribution/E2MKGP7JXK8Z1K",
            "caller_reference": "terraform-20210403205907844400000003",
            "comment": null,
            "custom_error_response": [
              {
                "error_caching_min_ttl": 0,
                "error_code": 404,
                "response_code": 404,
                "response_page_path": "/error.html"
              }
            ],
            "default_cache_behavior": [
              {
                "allowed_methods": [
                  "DELETE",
                  "GET",
                  "HEAD",
                  "OPTIONS",
                  "PATCH",
                  "POST",
                  "PUT"
                ],
                "cache_policy_id": "",
                "cached_methods": [
                  "GET",
                  "HEAD"
                ],
                "compress": false,
                "default_ttl": 3600,
                "field_level_encryption_id": "",
                "forwarded_values": [
                  {
                    "cookies": [
                      {
                        "forward": "none",
                        "whitelisted_names": []
                      }
                    ],
                    "headers": [],
                    "query_string": false,
                    "query_string_cache_keys": []
                  }
                ],
                "lambda_function_association": [],
                "max_ttl": 86400,
                "min_ttl": 0,
                "origin_request_policy_id": "",
                "realtime_log_config_arn": "",
                "smooth_streaming": false,
                "target_origin_id": "ESIDXRPBCVY1Z",
                "trusted_signers": [],
                "viewer_protocol_policy": "redirect-to-https"
              }
            ],
            "default_root_object": "index.html",
            "domain_name": "dgcq7q8e3gowz.cloudfront.net",
            "enabled": true,
            "etag": "EDPHVR592UP1C",
            "hosted_zone_id": "Z2FDTNDATAQYW2",
            "http_version": "http2",
            "id": "E2MKGP7JXK8Z1K",
            "in_progress_validation_batches": 0,
            "is_ipv6_enabled": true,
            "last_modified_time": "2021-04-03 20:59:18.699 +0000 UTC",
            "logging_config": [],
            "ordered_cache_behavior": [],
            "origin": [
              {
                "custom_header": [],
                "custom_origin_config": [],
                "domain_name": "funstack.net-website.s3.eu-central-1.amazonaws.com",
                "origin_id": "ESIDXRPBCVY1Z",
                "origin_path": "",
                "s3_origin_config": [
                  {
                    "origin_access_identity": "origin-access-identity/cloudfront/ESIDXRPBCVY1Z"
                  }
                ]
              }
            ],
            "origin_group": [],
            "price_class": "PriceClass_100",
            "restrictions": [
              {
                "geo_restriction": [
                  {
                    "locations": [],
                    "restriction_type": "none"
                  }
                ]
              }
            ],
            "retain_on_delete": false,
            "status": "Deployed",
            "tags": {},
            "trusted_signers": [
              {
                "enabled": false,
                "items": []
              }
            ],
            "viewer_certificate": [
              {
                "acm_certificate_arn": "arn:aws:acm:us-east-1:391582538889:certificate/18f918e0-3a5f-4771-8442-8baeb090bec0",
                "cloudfront_default_certificate": false,
                "iam_certificate_id": "",
                "minimum_protocol_version": "TLSv1",
                "ssl_support_method": "sni-only"
              }
            ],
            "wait_for_deployment": true,
            "web_acl_id": ""
          },
          "sensitive_attributes": [],
          "private": "eyJzY2hlbWFfdmVyc2lvbiI6IjEifQ==",
          "dependencies": [
            "aws_acm_certificate.main",
            "aws_cloudfront_origin_access_identity.website",
            "aws_s3_bucket.website"
          ]
        }
      ]
    },
    {
      "mode": "managed",
      "type": "aws_cloudfront_origin_access_identity",
      "name": "website",
      "provider": "provider[\"registry.terraform.io/hashicorp/aws\"]",
      "instances": [
        {
          "schema_version": 0,
          "attributes": {
            "caller_reference": "terraform-20210403205859753500000001",
            "cloudfront_access_identity_path": "origin-access-identity/cloudfront/ESIDXRPBCVY1Z",
            "comment": "website",
            "etag": "E1832IVB1EHUBJ",
            "iam_arn": "arn:aws:iam::cloudfront:user/CloudFront Origin Access Identity ESIDXRPBCVY1Z",
            "id": "ESIDXRPBCVY1Z",
            "s3_canonical_user_id": "e29f7f9ddaba482e2b18a237a00f71a1d2cdf2189c0290a0981153c9e75a9a31de908aabf3809ee12ce449ebae5386f1"
          },
          "sensitive_attributes": [],
          "private": "bnVsbA=="
        }
      ]
    },
    {
      "mode": "managed",
      "type": "aws_cloudwatch_log_group",
      "name": "lambda",
      "provider": "provider[\"registry.terraform.io/hashicorp/aws\"]",
      "instances": [
        {
          "index_key": "authorizer",
          "schema_version": 0,
          "attributes": {
            "arn": "arn:aws:logs:eu-central-1:391582538889:log-group:/aws/lambda/authorizer",
            "id": "/aws/lambda/authorizer",
            "kms_key_id": "",
            "name": "/aws/lambda/authorizer",
            "name_prefix": null,
            "retention_in_days": 3,
            "tags": {}
          },
          "sensitive_attributes": [],
          "private": "bnVsbA==",
          "dependencies": [
            "aws_cognito_user_pool.user"
          ]
        },
        {
          "index_key": "lambda-api",
          "schema_version": 0,
          "attributes": {
            "arn": "arn:aws:logs:eu-central-1:391582538889:log-group:/aws/lambda/lambda-api",
            "id": "/aws/lambda/lambda-api",
            "kms_key_id": "",
            "name": "/aws/lambda/lambda-api",
            "name_prefix": null,
            "retention_in_days": 3,
            "tags": {}
          },
          "sensitive_attributes": [],
          "private": "bnVsbA==",
          "dependencies": [
            "aws_cognito_user_pool.user"
          ]
        }
      ]
    },
    {
      "mode": "managed",
      "type": "aws_cognito_identity_pool",
      "name": "user",
      "provider": "provider[\"registry.terraform.io/hashicorp/aws\"]",
      "instances": [
        {
          "schema_version": 0,
          "attributes": {
            "allow_unauthenticated_identities": false,
            "arn": "arn:aws:cognito-identity:eu-central-1:391582538889:identitypool/eu-central-1:893d7fb8-d2dc-44dc-8a0f-8f296d7ab569",
            "cognito_identity_providers": [
              {
                "client_id": "29nvhf94pss8c5hg62ikdcbso8",
                "provider_name": "cognito-idp.eu-central-1.amazonaws.com/eu-central-1_Ol4hsH6nA",
                "server_side_token_check": false
              }
            ],
            "developer_provider_name": "",
            "id": "eu-central-1:893d7fb8-d2dc-44dc-8a0f-8f296d7ab569",
            "identity_pool_name": "fun_user",
            "openid_connect_provider_arns": [],
            "saml_provider_arns": [],
            "supported_login_providers": {},
            "tags": {}
          },
          "sensitive_attributes": [],
          "private": "bnVsbA==",
          "dependencies": [
            "aws_cognito_user_pool.user",
            "aws_cognito_user_pool_client.client"
          ]
        }
      ]
    },
    {
      "mode": "managed",
      "type": "aws_cognito_identity_pool_roles_attachment",
      "name": "user",
      "provider": "provider[\"registry.terraform.io/hashicorp/aws\"]",
      "instances": [
        {
          "schema_version": 0,
          "attributes": {
            "id": "eu-central-1:893d7fb8-d2dc-44dc-8a0f-8f296d7ab569",
            "identity_pool_id": "eu-central-1:893d7fb8-d2dc-44dc-8a0f-8f296d7ab569",
            "role_mapping": [],
            "roles": {
              "authenticated": "arn:aws:iam::391582538889:role/identity-user"
            }
          },
          "sensitive_attributes": [],
          "private": "bnVsbA==",
          "dependencies": [
            "aws_cognito_identity_pool.user",
            "aws_cognito_user_pool.user",
            "aws_cognito_user_pool_client.client",
            "aws_iam_role.user"
          ]
        }
      ]
    },
    {
      "mode": "managed",
      "type": "aws_cognito_user_pool",
      "name": "user",
      "provider": "provider[\"registry.terraform.io/hashicorp/aws\"]",
      "instances": [
        {
          "schema_version": 0,
          "attributes": {
            "account_recovery_setting": [
              {
                "recovery_mechanism": [
                  {
                    "name": "verified_email",
                    "priority": 1
                  }
                ]
              }
            ],
            "admin_create_user_config": [
              {
                "allow_admin_create_user_only": false,
                "invite_message_template": []
              }
            ],
            "alias_attributes": null,
            "arn": "arn:aws:cognito-idp:eu-central-1:391582538889:userpool/eu-central-1_Ol4hsH6nA",
            "auto_verified_attributes": [
              "email"
            ],
            "creation_date": "2021-04-03T20:59:00Z",
            "device_configuration": [],
            "email_configuration": [
              {
                "configuration_set": "",
                "email_sending_account": "COGNITO_DEFAULT",
                "from_email_address": "",
                "reply_to_email_address": "",
                "source_arn": ""
              }
            ],
            "email_verification_message": null,
            "email_verification_subject": null,
            "endpoint": "cognito-idp.eu-central-1.amazonaws.com/eu-central-1_Ol4hsH6nA",
            "id": "eu-central-1_Ol4hsH6nA",
            "lambda_config": [],
            "last_modified_date": "2021-04-03T23:15:20Z",
            "mfa_configuration": "OFF",
            "name": "fun-user",
            "password_policy": [
              {
                "minimum_length": 6,
                "require_lowercase": false,
                "require_numbers": false,
                "require_symbols": false,
                "require_uppercase": false,
                "temporary_password_validity_days": 7
              }
            ],
            "schema": [],
            "sms_authentication_message": null,
            "sms_configuration": [],
            "sms_verification_message": null,
            "software_token_mfa_configuration": [],
            "tags": {},
            "user_pool_add_ons": [],
            "username_attributes": [
              "email"
            ],
            "username_configuration": [],
            "verification_message_template": [
              {
                "default_email_option": "CONFIRM_WITH_CODE",
                "email_message": "",
                "email_message_by_link": "",
                "email_subject": "",
                "email_subject_by_link": "",
                "sms_message": ""
              }
            ]
          },
          "sensitive_attributes": [],
          "private": "bnVsbA=="
        }
      ]
    },
    {
      "mode": "managed",
      "type": "aws_cognito_user_pool_client",
      "name": "client",
      "provider": "provider[\"registry.terraform.io/hashicorp/aws\"]",
      "instances": [
        {
          "schema_version": 0,
          "attributes": {
            "access_token_validity": 0,
            "allowed_oauth_flows": [
              "code",
              "implicit"
            ],
            "allowed_oauth_flows_user_pool_client": true,
            "allowed_oauth_scopes": [
              "aws.cognito.signin.user.admin",
              "email",
              "openid",
              "phone",
              "profile"
            ],
            "analytics_configuration": [],
            "callback_urls": [
              "https://funstack.net"
            ],
            "client_secret": "",
            "default_redirect_uri": "",
            "explicit_auth_flows": [
              "ALLOW_REFRESH_TOKEN_AUTH",
              "ALLOW_USER_PASSWORD_AUTH"
            ],
            "generate_secret": null,
            "id": "29nvhf94pss8c5hg62ikdcbso8",
            "id_token_validity": 0,
            "logout_urls": [
              "https://funstack.net"
            ],
            "name": "fun-client",
            "prevent_user_existence_errors": "",
            "read_attributes": [],
            "refresh_token_validity": 30,
            "supported_identity_providers": [
              "COGNITO"
            ],
            "token_validity_units": [],
            "user_pool_id": "eu-central-1_Ol4hsH6nA",
            "write_attributes": []
          },
          "sensitive_attributes": [],
          "private": "bnVsbA==",
          "dependencies": [
            "aws_cognito_user_pool.user"
          ]
        }
      ]
    },
    {
      "mode": "managed",
      "type": "aws_cognito_user_pool_domain",
      "name": "user",
      "provider": "provider[\"registry.terraform.io/hashicorp/aws\"]",
      "instances": [
        {
          "schema_version": 0,
          "attributes": {
            "aws_account_id": "391582538889",
            "certificate_arn": "arn:aws:acm:us-east-1:391582538889:certificate/dfed0be8-48a5-4efc-b793-fd7b8b1b27c3",
            "cloudfront_distribution_arn": "d2v01y0ibht3y1.cloudfront.net",
            "domain": "auth.funstack.net",
            "id": "auth.funstack.net",
            "s3_bucket": "aws-cognito-prod-fra-assets",
            "user_pool_id": "eu-central-1_Ol4hsH6nA",
            "version": "20210403210818"
          },
          "sensitive_attributes": [],
          "private": "bnVsbA==",
          "dependencies": [
            "aws_acm_certificate.auth",
            "aws_acm_certificate.main",
            "aws_cloudfront_distribution.website",
            "aws_cloudfront_origin_access_identity.website",
            "aws_cognito_user_pool.user",
            "aws_route53_record.website",
            "aws_s3_bucket.website",
            "data.aws_route53_zone.main"
          ]
        }
      ]
    },
    {
      "mode": "managed",
      "type": "aws_dynamodb_table",
      "name": "websocket_connections",
      "provider": "provider[\"registry.terraform.io/hashicorp/aws\"]",
      "instances": [
        {
          "schema_version": 1,
          "attributes": {
            "arn": "arn:aws:dynamodb:eu-central-1:391582538889:table/websocket-connections",
            "attribute": [
              {
                "name": "connection_id",
                "type": "S"
              },
              {
                "name": "user_id",
                "type": "S"
              }
            ],
            "billing_mode": "PAY_PER_REQUEST",
            "global_secondary_index": [
              {
                "hash_key": "user_id",
                "name": "user_id_index",
                "non_key_attributes": [],
                "projection_type": "ALL",
                "range_key": "connection_id",
                "read_capacity": 0,
                "write_capacity": 0
              }
            ],
            "hash_key": "connection_id",
            "id": "websocket-connections",
            "local_secondary_index": [],
            "name": "websocket-connections",
            "point_in_time_recovery": [
              {
                "enabled": false
              }
            ],
            "range_key": null,
            "read_capacity": 0,
            "replica": [],
            "server_side_encryption": [],
            "stream_arn": "",
            "stream_enabled": false,
            "stream_label": "",
            "stream_view_type": "",
            "tags": {},
            "timeouts": null,
            "ttl": [
              {
                "attribute_name": "",
                "enabled": false
              }
            ],
            "write_capacity": 0
          },
          "sensitive_attributes": [],
          "private": "eyJlMmJmYjczMC1lY2FhLTExZTYtOGY4OC0zNDM2M2JjN2M0YzAiOnsiY3JlYXRlIjo2MDAwMDAwMDAwMDAsImRlbGV0ZSI6NjAwMDAwMDAwMDAwLCJ1cGRhdGUiOjM2MDAwMDAwMDAwMDB9LCJzY2hlbWFfdmVyc2lvbiI6IjEifQ=="
        }
      ]
    },
    {
      "mode": "managed",
      "type": "aws_iam_policy",
      "name": "user",
      "provider": "provider[\"registry.terraform.io/hashicorp/aws\"]",
      "instances": [
        {
          "schema_version": 0,
          "attributes": {
            "arn": "arn:aws:iam::391582538889:policy/identity-user",
            "description": "",
            "id": "arn:aws:iam::391582538889:policy/identity-user",
            "name": "identity-user",
            "name_prefix": null,
            "path": "/",
            "policy": "{\n    \"Version\": \"2012-10-17\",\n    \"Statement\": [\n        {\n            \"Effect\": \"Allow\",\n            \"Action\": [\n                \"lambda:InvokeFunction\"\n            ],\n            \"Resource\": \"arn:aws:lambda:eu-central-1:391582538889:function:lambda-api\"\n        }\n    ]\n}\n",
            "policy_id": "ANPAVWLBDLSE32SCPX4IB",
            "tags": {}
          },
          "sensitive_attributes": [],
          "private": "bnVsbA==",
          "dependencies": [
            "aws_cognito_user_pool.user",
            "aws_iam_role.lambda",
            "aws_lambda_function.lambda"
          ]
        }
      ]
    },
    {
      "mode": "managed",
      "type": "aws_iam_role",
      "name": "lambda",
      "provider": "provider[\"registry.terraform.io/hashicorp/aws\"]",
      "instances": [
        {
          "index_key": "authorizer",
          "schema_version": 0,
          "attributes": {
            "arn": "arn:aws:iam::391582538889:role/lambda-authorizer",
            "assume_role_policy": "{\"Version\":\"2012-10-17\",\"Statement\":[{\"Effect\":\"Allow\",\"Principal\":{\"Service\":\"lambda.amazonaws.com\"},\"Action\":\"sts:AssumeRole\"}]}",
            "create_date": "2021-04-12T17:10:15Z",
            "description": "",
            "force_detach_policies": false,
            "id": "lambda-authorizer",
            "inline_policy": [
              {
                "name": "",
                "policy": ""
              }
            ],
            "managed_policy_arns": [
              "arn:aws:iam::aws:policy/service-role/AWSLambdaBasicExecutionRole"
            ],
            "max_session_duration": 3600,
            "name": "lambda-authorizer",
            "name_prefix": null,
            "path": "/",
            "permissions_boundary": null,
            "tags": {},
            "unique_id": "AROAVWLBDLSE4V2VW2EZH"
          },
          "sensitive_attributes": [],
          "private": "bnVsbA==",
          "dependencies": [
            "aws_cognito_user_pool.user"
          ]
        },
        {
          "index_key": "lambda-api",
          "schema_version": 0,
          "attributes": {
            "arn": "arn:aws:iam::391582538889:role/lambda-lambda-api",
            "assume_role_policy": "{\"Version\":\"2012-10-17\",\"Statement\":[{\"Effect\":\"Allow\",\"Principal\":{\"Service\":\"lambda.amazonaws.com\"},\"Action\":\"sts:AssumeRole\"}]}",
            "create_date": "2021-04-03T20:59:00Z",
            "description": "",
            "force_detach_policies": false,
            "id": "lambda-lambda-api",
            "inline_policy": [
              {
                "name": "",
                "policy": ""
              }
            ],
            "managed_policy_arns": [
              "arn:aws:iam::aws:policy/service-role/AWSLambdaBasicExecutionRole"
            ],
            "max_session_duration": 3600,
            "name": "lambda-lambda-api",
            "name_prefix": null,
            "path": "/",
            "permissions_boundary": null,
            "tags": {},
            "unique_id": "AROAVWLBDLSE5HH7S5QNF"
          },
          "sensitive_attributes": [],
          "private": "bnVsbA==",
          "dependencies": [
            "aws_cognito_user_pool.user"
          ]
        }
      ]
    },
    {
      "mode": "managed",
      "type": "aws_iam_role",
      "name": "user",
      "provider": "provider[\"registry.terraform.io/hashicorp/aws\"]",
      "instances": [
        {
          "schema_version": 0,
          "attributes": {
            "arn": "arn:aws:iam::391582538889:role/identity-user",
            "assume_role_policy": "{\"Version\":\"2012-10-17\",\"Statement\":[{\"Effect\":\"Allow\",\"Principal\":{\"Federated\":\"cognito-identity.amazonaws.com\"},\"Action\":\"sts:AssumeRoleWithWebIdentity\",\"Condition\":{\"StringEquals\":{\"cognito-identity.amazonaws.com:aud\":\"eu-central-1:893d7fb8-d2dc-44dc-8a0f-8f296d7ab569\"},\"ForAnyValue:StringLike\":{\"cognito-identity.amazonaws.com:amr\":\"authenticated\"}}}]}",
            "create_date": "2021-04-05T13:45:16Z",
            "description": "",
            "force_detach_policies": false,
            "id": "identity-user",
            "inline_policy": [
              {
                "name": "",
                "policy": ""
              }
            ],
            "managed_policy_arns": [
              "arn:aws:iam::391582538889:policy/identity-user"
            ],
            "max_session_duration": 3600,
            "name": "identity-user",
            "name_prefix": null,
            "path": "/",
            "permissions_boundary": null,
            "tags": {},
            "unique_id": "AROAVWLBDLSEY56NXSODY"
          },
          "sensitive_attributes": [],
          "private": "bnVsbA==",
          "dependencies": [
            "aws_cognito_identity_pool.user",
            "aws_cognito_user_pool.user",
            "aws_cognito_user_pool_client.client"
          ]
        }
      ]
    },
    {
      "mode": "managed",
      "type": "aws_iam_role",
      "name": "websocket",
      "provider": "provider[\"registry.terraform.io/hashicorp/aws\"]",
      "instances": [
        {
          "schema_version": 0,
          "attributes": {
            "arn": "arn:aws:iam::391582538889:role/websocket",
            "assume_role_policy": "{\"Version\":\"2012-10-17\",\"Statement\":[{\"Effect\":\"Allow\",\"Principal\":{\"Service\":\"apigateway.amazonaws.com\"},\"Action\":\"sts:AssumeRole\"}]}",
            "create_date": "2021-04-09T20:43:11Z",
            "description": "",
            "force_detach_policies": false,
            "id": "websocket",
            "inline_policy": [
              {
                "name": "terraform-20210409223941611800000001",
                "policy": "{\n    \"Version\": \"2012-10-17\",\n    \"Statement\": [\n        {\n            \"Effect\": \"Allow\",\n            \"Action\": [\n                \"dynamodb:PutItem\",\n                \"dynamodb:DeleteItem\"\n            ],\n            \"Resource\": [\n              \"arn:aws:dynamodb:eu-central-1:391582538889:table/websocket-connections\"\n            ]\n        },\n        {\n            \"Effect\": \"Allow\",\n            \"Action\": [\n                \"lambda:InvokeFunction\"\n            ],\n            \"Resource\": [\n              \"arn:aws:lambda:eu-central-1:391582538889:function:lambda-api\",\n              \"arn:aws:apigateway:eu-central-1:lambda:path/2015-03-31/functions/arn:aws:lambda:eu-central-1:391582538889:function:authorizer/invocations\"\n            ]\n        },\n        {\n            \"Effect\": \"Allow\",\n            \"Action\": [\n                \"lambda:InvokeFunction\"\n            ],\n            \"Resource\": [\n              \"*\"\n            ]\n        }\n    ]\n}\n"
              }
            ],
            "managed_policy_arns": [],
            "max_session_duration": 3600,
            "name": "websocket",
            "name_prefix": null,
            "path": "/",
            "permissions_boundary": null,
            "tags": {},
            "unique_id": "AROAVWLBDLSEUOEJM7TXE"
          },
          "sensitive_attributes": [],
          "private": "bnVsbA=="
        }
      ]
    },
    {
      "mode": "managed",
      "type": "aws_iam_role_policy",
      "name": "websocket",
      "provider": "provider[\"registry.terraform.io/hashicorp/aws\"]",
      "instances": [
        {
          "schema_version": 0,
          "attributes": {
            "id": "websocket:terraform-20210409223941611800000001",
            "name": "terraform-20210409223941611800000001",
            "name_prefix": null,
            "policy": "{\n    \"Version\": \"2012-10-17\",\n    \"Statement\": [\n        {\n            \"Effect\": \"Allow\",\n            \"Action\": [\n                \"dynamodb:PutItem\",\n                \"dynamodb:DeleteItem\"\n            ],\n            \"Resource\": [\n              \"arn:aws:dynamodb:eu-central-1:391582538889:table/websocket-connections\"\n            ]\n        },\n        {\n            \"Effect\": \"Allow\",\n            \"Action\": [\n                \"lambda:InvokeFunction\"\n            ],\n            \"Resource\": [\n              \"arn:aws:lambda:eu-central-1:391582538889:function:lambda-api\",\n              \"lambda.eu-central-1.amazonaws.com/2015-03-31/functions/arn:aws:lambda:eu-central-1:391582538889:function:authorizer/invocations\"\n            ]\n        }\n    ]\n}\n",
            "role": "websocket"
          },
          "sensitive_attributes": [],
          "private": "bnVsbA==",
          "dependencies": [
            "aws_cognito_user_pool.user",
            "aws_dynamodb_table.websocket_connections",
            "aws_iam_role.websocket",
            "aws_lambda_function.lambda",
            "data.aws_region.current"
          ]
        }
      ]
    },
    {
      "mode": "managed",
      "type": "aws_iam_role_policy_attachment",
      "name": "lambda_exec",
      "provider": "provider[\"registry.terraform.io/hashicorp/aws\"]",
      "instances": [
        {
          "index_key": "authorizer",
          "schema_version": 0,
          "attributes": {
            "id": "lambda-authorizer-20210412171017217800000001",
            "policy_arn": "arn:aws:iam::aws:policy/service-role/AWSLambdaBasicExecutionRole",
            "role": "lambda-authorizer"
          },
          "sensitive_attributes": [],
          "private": "bnVsbA==",
          "dependencies": [
            "aws_cognito_user_pool.user",
            "aws_iam_role.lambda"
          ]
        },
        {
          "index_key": "lambda-api",
          "schema_version": 0,
          "attributes": {
            "id": "lambda-lambda-api-20210403205901252400000002",
            "policy_arn": "arn:aws:iam::aws:policy/service-role/AWSLambdaBasicExecutionRole",
            "role": "lambda-lambda-api"
          },
          "sensitive_attributes": [],
          "private": "bnVsbA==",
          "dependencies": [
            "aws_cognito_user_pool.user",
            "aws_iam_role.lambda"
          ]
        }
      ]
    },
    {
      "mode": "managed",
      "type": "aws_iam_role_policy_attachment",
      "name": "user",
      "provider": "provider[\"registry.terraform.io/hashicorp/aws\"]",
      "instances": [
        {
          "schema_version": 0,
          "attributes": {
            "id": "identity-user-20210405224236661900000001",
            "policy_arn": "arn:aws:iam::391582538889:policy/identity-user",
            "role": "identity-user"
          },
          "sensitive_attributes": [],
          "private": "bnVsbA==",
          "dependencies": [
            "aws_cognito_identity_pool.user",
            "aws_cognito_user_pool.user",
            "aws_cognito_user_pool_client.client",
            "aws_iam_policy.user",
            "aws_iam_role.lambda",
            "aws_iam_role.user",
            "aws_lambda_function.lambda"
          ]
        }
      ]
    },
    {
      "mode": "managed",
      "type": "aws_lambda_function",
      "name": "lambda",
      "provider": "provider[\"registry.terraform.io/hashicorp/aws\"]",
      "instances": [
        {
          "index_key": "authorizer",
          "schema_version": 0,
          "attributes": {
            "arn": "arn:aws:lambda:eu-central-1:391582538889:function:authorizer",
            "code_signing_config_arn": "",
            "dead_letter_config": [],
            "description": "",
            "environment": [
              {
                "variables": {
                  "COGNITO_POOL_ID": "eu-central-1_Ol4hsH6nA"
                }
              }
            ],
            "file_system_config": [],
            "filename": "authorizer/index.zip",
            "function_name": "authorizer",
            "handler": "index.handler",
            "id": "authorizer",
            "image_config": [],
            "image_uri": "",
            "invoke_arn": "arn:aws:apigateway:eu-central-1:lambda:path/2015-03-31/functions/arn:aws:lambda:eu-central-1:391582538889:function:authorizer/invocations",
            "kms_key_arn": "",
            "last_modified": "2021-04-12T18:37:58.034+0000",
            "layers": [],
            "memory_size": 128,
            "package_type": "Zip",
            "publish": true,
            "qualified_arn": "arn:aws:lambda:eu-central-1:391582538889:function:authorizer:6",
            "reserved_concurrent_executions": -1,
            "role": "arn:aws:iam::391582538889:role/lambda-authorizer",
            "runtime": "nodejs14.x",
            "s3_bucket": null,
            "s3_key": null,
            "s3_object_version": null,
            "signing_job_arn": "",
            "signing_profile_version_arn": "",
            "source_code_hash": "AQqHvhGbEQiku/WULa7fiKVbuZygJbImTKZnFyyW/ak=",
            "source_code_size": 83464,
            "tags": {},
            "timeout": 30,
            "timeouts": null,
            "tracing_config": [
              {
                "mode": "PassThrough"
              }
            ],
            "version": "6",
            "vpc_config": []
          },
          "sensitive_attributes": [],
          "private": "eyJlMmJmYjczMC1lY2FhLTExZTYtOGY4OC0zNDM2M2JjN2M0YzAiOnsiY3JlYXRlIjo2MDAwMDAwMDAwMDB9fQ==",
          "dependencies": [
            "aws_cognito_user_pool.user",
            "aws_iam_role.lambda"
          ]
        },
        {
          "index_key": "lambda-api",
          "schema_version": 0,
          "attributes": {
            "arn": "arn:aws:lambda:eu-central-1:391582538889:function:lambda-api",
            "code_signing_config_arn": "",
            "dead_letter_config": [],
            "description": "",
            "environment": [],
            "file_system_config": [],
            "filename": "../build/lambda-api.zip",
            "function_name": "lambda-api",
            "handler": "lambdaapi-opt.handler",
            "id": "lambda-api",
            "image_config": [],
            "image_uri": "",
            "invoke_arn": "arn:aws:apigateway:eu-central-1:lambda:path/2015-03-31/functions/arn:aws:lambda:eu-central-1:391582538889:function:lambda-api/invocations",
            "kms_key_arn": "",
            "last_modified": "2021-04-12T17:21:04.298+0000",
            "layers": [],
            "memory_size": 256,
            "package_type": "Zip",
            "publish": true,
            "qualified_arn": "arn:aws:lambda:eu-central-1:391582538889:function:lambda-api:21",
            "reserved_concurrent_executions": -1,
            "role": "arn:aws:iam::391582538889:role/lambda-lambda-api",
            "runtime": "nodejs14.x",
            "s3_bucket": null,
            "s3_key": null,
            "s3_object_version": null,
            "signing_job_arn": "",
            "signing_profile_version_arn": "",
            "source_code_hash": "cfTtx2QaP7gWMAzmOEw0UHMT4dn8e7vBmt4F7LOtzlA=",
            "source_code_size": 240421,
            "tags": {},
            "timeout": 30,
            "timeouts": null,
            "tracing_config": [
              {
                "mode": "PassThrough"
              }
            ],
            "version": "21",
            "vpc_config": []
          },
          "sensitive_attributes": [],
          "private": "eyJlMmJmYjczMC1lY2FhLTExZTYtOGY4OC0zNDM2M2JjN2M0YzAiOnsiY3JlYXRlIjo2MDAwMDAwMDAwMDB9fQ==",
          "dependencies": [
            "aws_cognito_user_pool.user",
            "aws_iam_role.lambda"
          ]
        }
      ]
    },
    {
      "mode": "managed",
      "type": "aws_route53_record",
      "name": "certificate_validation",
      "provider": "provider[\"registry.terraform.io/hashicorp/aws\"]",
      "instances": [
        {
          "index_key": "auth.funstack.net",
          "schema_version": 2,
          "attributes": {
            "alias": [],
            "allow_overwrite": true,
            "failover_routing_policy": [],
            "fqdn": "_b5cc64a35bb5e34f7ea46a22112c42e6.auth.funstack.net",
            "geolocation_routing_policy": [],
            "health_check_id": "",
            "id": "Z06666102EP2Y5G5YZNTO__b5cc64a35bb5e34f7ea46a22112c42e6.auth.funstack.net._CNAME",
            "latency_routing_policy": [],
            "multivalue_answer_routing_policy": null,
            "name": "_b5cc64a35bb5e34f7ea46a22112c42e6.auth.funstack.net",
            "records": [
              "_6900c2d72c37b2be30ae48a8733bfd1e.zjfbrrwmzc.acm-validations.aws."
            ],
            "set_identifier": "",
            "ttl": 60,
            "type": "CNAME",
            "weighted_routing_policy": [],
            "zone_id": "Z06666102EP2Y5G5YZNTO"
          },
          "sensitive_attributes": [],
          "private": "eyJzY2hlbWFfdmVyc2lvbiI6IjIifQ==",
          "dependencies": [
            "aws_acm_certificate.auth",
            "aws_acm_certificate.main",
            "aws_acm_certificate.ws",
            "data.aws_route53_zone.main"
          ]
        },
        {
          "index_key": "funstack.net",
          "schema_version": 2,
          "attributes": {
            "alias": [],
            "allow_overwrite": true,
            "failover_routing_policy": [],
            "fqdn": "_36748b5000ed1c703ff680a662da4167.funstack.net",
            "geolocation_routing_policy": [],
            "health_check_id": "",
            "id": "Z06666102EP2Y5G5YZNTO__36748b5000ed1c703ff680a662da4167.funstack.net._CNAME",
            "latency_routing_policy": [],
            "multivalue_answer_routing_policy": null,
            "name": "_36748b5000ed1c703ff680a662da4167.funstack.net",
            "records": [
              "_265209f3fe201ba221a655f76b22bbda.zjfbrrwmzc.acm-validations.aws."
            ],
            "set_identifier": "",
            "ttl": 60,
            "type": "CNAME",
            "weighted_routing_policy": [],
            "zone_id": "Z06666102EP2Y5G5YZNTO"
          },
          "sensitive_attributes": [],
          "private": "eyJzY2hlbWFfdmVyc2lvbiI6IjIifQ==",
          "dependencies": [
            "aws_acm_certificate.auth",
            "aws_acm_certificate.main",
            "aws_acm_certificate.ws",
            "data.aws_route53_zone.main"
          ]
        },
        {
          "index_key": "ws.funstack.net",
          "schema_version": 2,
          "attributes": {
            "alias": [],
            "allow_overwrite": true,
            "failover_routing_policy": [],
            "fqdn": "_2778dc91ae667d09b6f334cd86ef3b8a.ws.funstack.net",
            "geolocation_routing_policy": [],
            "health_check_id": "",
            "id": "Z06666102EP2Y5G5YZNTO__2778dc91ae667d09b6f334cd86ef3b8a.ws.funstack.net._CNAME",
            "latency_routing_policy": [],
            "multivalue_answer_routing_policy": null,
            "name": "_2778dc91ae667d09b6f334cd86ef3b8a.ws.funstack.net",
            "records": [
              "_bffe31676c0ed8314d47b8e58c35d929.bbfvkzsszw.acm-validations.aws."
            ],
            "set_identifier": "",
            "ttl": 60,
            "type": "CNAME",
            "weighted_routing_policy": [],
            "zone_id": "Z06666102EP2Y5G5YZNTO"
          },
          "sensitive_attributes": [],
          "private": "eyJzY2hlbWFfdmVyc2lvbiI6IjIifQ==",
          "dependencies": [
            "aws_acm_certificate.auth",
            "aws_acm_certificate.main",
            "aws_acm_certificate.ws",
            "data.aws_route53_zone.main"
          ]
        }
      ]
    },
    {
      "mode": "managed",
      "type": "aws_route53_record",
      "name": "cognito",
      "provider": "provider[\"registry.terraform.io/hashicorp/aws\"]",
      "instances": [
        {
          "schema_version": 2,
          "attributes": {
            "alias": [
              {
                "evaluate_target_health": false,
                "name": "d2v01y0ibht3y1.cloudfront.net",
                "zone_id": "Z2FDTNDATAQYW2"
              }
            ],
            "allow_overwrite": null,
            "failover_routing_policy": [],
            "fqdn": "auth.funstack.net",
            "geolocation_routing_policy": [],
            "health_check_id": "",
            "id": "Z06666102EP2Y5G5YZNTO_auth.funstack.net_A",
            "latency_routing_policy": [],
            "multivalue_answer_routing_policy": null,
            "name": "auth.funstack.net",
            "records": [],
            "set_identifier": "",
            "ttl": 0,
            "type": "A",
            "weighted_routing_policy": [],
            "zone_id": "Z06666102EP2Y5G5YZNTO"
          },
          "sensitive_attributes": [],
          "private": "eyJzY2hlbWFfdmVyc2lvbiI6IjIifQ==",
          "dependencies": [
            "aws_acm_certificate.auth",
            "aws_acm_certificate.main",
            "aws_cloudfront_distribution.website",
            "aws_cloudfront_origin_access_identity.website",
            "aws_cognito_user_pool.user",
            "aws_cognito_user_pool_domain.user",
            "aws_route53_record.website",
            "aws_s3_bucket.website",
            "data.aws_route53_zone.main"
          ]
        }
      ]
    },
    {
      "mode": "managed",
      "type": "aws_route53_record",
      "name": "website",
      "provider": "provider[\"registry.terraform.io/hashicorp/aws\"]",
      "instances": [
        {
          "schema_version": 2,
          "attributes": {
            "alias": [
              {
                "evaluate_target_health": false,
                "name": "dgcq7q8e3gowz.cloudfront.net",
                "zone_id": "Z2FDTNDATAQYW2"
              }
            ],
            "allow_overwrite": null,
            "failover_routing_policy": [],
            "fqdn": "funstack.net",
            "geolocation_routing_policy": [],
            "health_check_id": "",
            "id": "Z06666102EP2Y5G5YZNTO_funstack.net_A",
            "latency_routing_policy": [],
            "multivalue_answer_routing_policy": null,
            "name": "funstack.net",
            "records": [],
            "set_identifier": "",
            "ttl": 0,
            "type": "A",
            "weighted_routing_policy": [],
            "zone_id": "Z06666102EP2Y5G5YZNTO"
          },
          "sensitive_attributes": [],
          "private": "eyJzY2hlbWFfdmVyc2lvbiI6IjIifQ==",
          "dependencies": [
            "aws_acm_certificate.main",
            "aws_cloudfront_distribution.website",
            "aws_cloudfront_origin_access_identity.website",
            "aws_s3_bucket.website",
            "data.aws_route53_zone.main"
          ]
        }
      ]
    },
    {
      "mode": "managed",
      "type": "aws_route53_record",
      "name": "websocket",
      "provider": "provider[\"registry.terraform.io/hashicorp/aws\"]",
      "instances": [
        {
          "schema_version": 2,
          "attributes": {
            "alias": [
              {
                "evaluate_target_health": false,
                "name": "d-a1qegnxwj6.execute-api.eu-central-1.amazonaws.com",
                "zone_id": "Z1U9ULNL0V5AJ3"
              }
            ],
            "allow_overwrite": null,
            "failover_routing_policy": [],
            "fqdn": "ws.funstack.net",
            "geolocation_routing_policy": [],
            "health_check_id": "",
            "id": "Z06666102EP2Y5G5YZNTO_ws.funstack.net_A",
            "latency_routing_policy": [],
            "multivalue_answer_routing_policy": null,
            "name": "ws.funstack.net",
            "records": [],
            "set_identifier": "",
            "ttl": 0,
            "type": "A",
            "weighted_routing_policy": [],
            "zone_id": "Z06666102EP2Y5G5YZNTO"
          },
          "sensitive_attributes": [],
          "private": "eyJzY2hlbWFfdmVyc2lvbiI6IjIifQ==",
          "dependencies": [
            "aws_acm_certificate.ws",
            "aws_apigatewayv2_domain_name.websocket",
            "data.aws_route53_zone.main"
          ]
        }
      ]
    },
    {
      "mode": "managed",
      "type": "aws_s3_bucket",
      "name": "website",
      "provider": "provider[\"registry.terraform.io/hashicorp/aws\"]",
      "instances": [
        {
          "schema_version": 0,
          "attributes": {
            "acceleration_status": "",
            "acl": "private",
            "arn": "arn:aws:s3:::funstack.net-website",
            "bucket": "funstack.net-website",
            "bucket_domain_name": "funstack.net-website.s3.amazonaws.com",
            "bucket_prefix": null,
            "bucket_regional_domain_name": "funstack.net-website.s3.eu-central-1.amazonaws.com",
            "cors_rule": [],
            "force_destroy": false,
            "grant": [],
            "hosted_zone_id": "Z21DNDUVLTQW6Q",
            "id": "funstack.net-website",
            "lifecycle_rule": [],
            "logging": [],
            "object_lock_configuration": [],
            "policy": null,
            "region": "eu-central-1",
            "replication_configuration": [],
            "request_payer": "BucketOwner",
            "server_side_encryption_configuration": [],
            "tags": {},
            "versioning": [
              {
                "enabled": false,
                "mfa_delete": false
              }
            ],
            "website": [],
            "website_domain": null,
            "website_endpoint": null
          },
          "sensitive_attributes": [],
          "private": "bnVsbA=="
        }
      ]
    },
    {
      "mode": "managed",
      "type": "aws_s3_bucket_object",
      "name": "config_file",
      "provider": "provider[\"registry.terraform.io/hashicorp/aws\"]",
      "instances": [
        {
          "schema_version": 0,
          "attributes": {
            "acl": "private",
            "bucket": "funstack.net-website",
            "bucket_key_enabled": false,
            "cache_control": "no-cache",
            "content": "window.AppConfig = {\n  \"domain\": \"funstack.net\",\n  \"domainAuth\": \"auth.funstack.net\",\n  \"domainWS\": \"ws.funstack.net\",\n  \"clientIdAuth\": \"29nvhf94pss8c5hg62ikdcbso8\",\n  \"region\": \"eu-central-1\",\n  \"identityPoolId\": \"eu-central-1:893d7fb8-d2dc-44dc-8a0f-8f296d7ab569\",\n  \"cognitoEndpoint\": \"cognito-idp.eu-central-1.amazonaws.com/eu-central-1_Ol4hsH6nA\"\n};\n",
            "content_base64": null,
            "content_disposition": "",
            "content_encoding": "",
            "content_language": "",
            "content_type": "application/javascript",
            "etag": "b0150f840b02d86678ab61990d33a8ec",
            "force_destroy": false,
            "id": "app_config.js",
            "key": "app_config.js",
            "kms_key_id": null,
            "metadata": {},
            "object_lock_legal_hold_status": "",
            "object_lock_mode": "",
            "object_lock_retain_until_date": "",
            "server_side_encryption": "",
            "source": null,
            "storage_class": "STANDARD",
            "tags": {},
            "version_id": "",
            "website_redirect": ""
          },
          "sensitive_attributes": [],
          "private": "bnVsbA==",
          "dependencies": [
            "aws_cognito_identity_pool.user",
            "aws_cognito_user_pool.user",
            "aws_cognito_user_pool_client.client",
            "aws_s3_bucket.website"
          ]
        }
      ]
    },
    {
      "mode": "managed",
      "type": "aws_s3_bucket_object",
      "name": "website",
      "provider": "provider[\"registry.terraform.io/hashicorp/aws\"]",
      "instances": [
        {
          "index_key": "error.html",
          "schema_version": 0,
          "attributes": {
            "acl": "private",
            "bucket": "funstack.net-website",
            "bucket_key_enabled": false,
            "cache_control": "no-cache",
            "content": null,
            "content_base64": null,
            "content_disposition": "",
            "content_encoding": "",
            "content_language": "",
            "content_type": "text/html",
            "etag": "8efeea470884ef20f5a067e717925ae1",
            "force_destroy": false,
            "id": "error.html",
            "key": "error.html",
            "kms_key_id": null,
            "metadata": {},
            "object_lock_legal_hold_status": "",
            "object_lock_mode": "",
            "object_lock_retain_until_date": "",
            "server_side_encryption": "",
            "source": "../web-client/target/scala-2.13/scalajs-bundler/main/prod/error.html",
            "storage_class": "STANDARD",
            "tags": {},
            "version_id": "",
            "website_redirect": ""
          },
          "sensitive_attributes": [],
          "private": "bnVsbA==",
          "dependencies": [
            "aws_s3_bucket.website"
          ]
        },
        {
          "index_key": "index.html",
          "schema_version": 0,
          "attributes": {
            "acl": "private",
            "bucket": "funstack.net-website",
            "bucket_key_enabled": false,
            "cache_control": "no-cache",
            "content": null,
            "content_base64": null,
            "content_disposition": "",
            "content_encoding": "",
            "content_language": "",
            "content_type": "text/html",
            "etag": "aae626b3aa4cd21e179ba411a9277a95",
            "force_destroy": false,
            "id": "index.html",
            "key": "index.html",
            "kms_key_id": null,
            "metadata": {},
            "object_lock_legal_hold_status": "",
            "object_lock_mode": "",
            "object_lock_retain_until_date": "",
            "server_side_encryption": "",
            "source": "../web-client/target/scala-2.13/scalajs-bundler/main/prod/index.html",
            "storage_class": "STANDARD",
            "tags": {},
            "version_id": "",
            "website_redirect": ""
          },
          "sensitive_attributes": [],
          "private": "bnVsbA==",
          "dependencies": [
            "aws_s3_bucket.website"
          ]
        },
        {
          "index_key": "webclient-opt-bundle.js",
          "schema_version": 0,
          "attributes": {
            "acl": "private",
            "bucket": "funstack.net-website",
            "bucket_key_enabled": false,
            "cache_control": "no-cache",
            "content": null,
            "content_base64": null,
            "content_disposition": "",
            "content_encoding": "",
            "content_language": "",
            "content_type": "application/javascript",
            "etag": "73405f528a6b9d58dff398e530983f2c",
            "force_destroy": false,
            "id": "webclient-opt-bundle.js",
            "key": "webclient-opt-bundle.js",
            "kms_key_id": null,
            "metadata": {},
            "object_lock_legal_hold_status": "",
            "object_lock_mode": "",
            "object_lock_retain_until_date": "",
            "server_side_encryption": "",
            "source": "../web-client/target/scala-2.13/scalajs-bundler/main/prod/webclient-opt-bundle.js",
            "storage_class": "STANDARD",
            "tags": {},
            "version_id": "",
            "website_redirect": ""
          },
          "sensitive_attributes": [],
          "private": "bnVsbA==",
          "dependencies": [
            "aws_s3_bucket.website"
          ]
        },
        {
          "index_key": "webclient-opt-bundle.js.map",
          "schema_version": 0,
          "attributes": {
            "acl": "private",
            "bucket": "funstack.net-website",
            "bucket_key_enabled": false,
            "cache_control": "no-cache",
            "content": null,
            "content_base64": null,
            "content_disposition": "",
            "content_encoding": "",
            "content_language": "",
            "content_type": "application/javascript",
            "etag": "98ff345bf091618d58a104b3db2c85ae",
            "force_destroy": false,
            "id": "webclient-opt-bundle.js.map",
            "key": "webclient-opt-bundle.js.map",
            "kms_key_id": null,
            "metadata": {},
            "object_lock_legal_hold_status": "",
            "object_lock_mode": "",
            "object_lock_retain_until_date": "",
            "server_side_encryption": "",
            "source": "../web-client/target/scala-2.13/scalajs-bundler/main/prod/webclient-opt-bundle.js.map",
            "storage_class": "STANDARD",
            "tags": {},
            "version_id": "",
            "website_redirect": ""
          },
          "sensitive_attributes": [],
          "private": "bnVsbA==",
          "dependencies": [
            "aws_s3_bucket.website"
          ]
        }
      ]
    },
    {
      "mode": "managed",
      "type": "aws_s3_bucket_policy",
      "name": "website",
      "provider": "provider[\"registry.terraform.io/hashicorp/aws\"]",
      "instances": [
        {
          "schema_version": 0,
          "attributes": {
            "bucket": "funstack.net-website",
            "id": "funstack.net-website",
            "policy": "{\"Version\":\"2012-10-17\",\"Statement\":[{\"Effect\":\"Allow\",\"Principal\":{\"AWS\":\"arn:aws:iam::cloudfront:user/CloudFront Origin Access Identity ESIDXRPBCVY1Z\"},\"Action\":\"s3:GetObject\",\"Resource\":\"arn:aws:s3:::funstack.net-website/*\"},{\"Effect\":\"Allow\",\"Principal\":{\"AWS\":\"arn:aws:iam::cloudfront:user/CloudFront Origin Access Identity ESIDXRPBCVY1Z\"},\"Action\":\"s3:ListBucket\",\"Resource\":\"arn:aws:s3:::funstack.net-website\"}]}"
          },
          "sensitive_attributes": [],
          "private": "bnVsbA==",
          "dependencies": [
            "aws_cloudfront_origin_access_identity.website",
            "aws_s3_bucket.website"
          ]
        }
      ]
    }
  ]
}
